// !$*UTF8*$!
{
	archiveVersion = 1;
	classes = {
	};
	objectVersion = 50;
	objects = {

/* Begin PBXBuildFile section */
		52B2B00222CD1ADD00D7FC6C /* AppDelegate.swift in Sources */ = {isa = PBXBuildFile; fileRef = 52B2B00122CD1ADD00D7FC6C /* AppDelegate.swift */; };
		52B2B00422CD1ADD00D7FC6C /* ViewController.swift in Sources */ = {isa = PBXBuildFile; fileRef = 52B2B00322CD1ADD00D7FC6C /* ViewController.swift */; };
		52B2B00722CD1ADD00D7FC6C /* Main.storyboard in Resources */ = {isa = PBXBuildFile; fileRef = 52B2B00522CD1ADD00D7FC6C /* Main.storyboard */; };
		52B2B00922CD1ADE00D7FC6C /* Assets.xcassets in Resources */ = {isa = PBXBuildFile; fileRef = 52B2B00822CD1ADE00D7FC6C /* Assets.xcassets */; };
		52B2B00C22CD1ADE00D7FC6C /* LaunchScreen.storyboard in Resources */ = {isa = PBXBuildFile; fileRef = 52B2B00A22CD1ADE00D7FC6C /* LaunchScreen.storyboard */; };
		52B2B01522CD1B2400D7FC6C /* Download.swift in Sources */ = {isa = PBXBuildFile; fileRef = 52B2B01422CD1B2400D7FC6C /* Download.swift */; };
		52B2B01822CD1B4800D7FC6C /* Player.swift in Sources */ = {isa = PBXBuildFile; fileRef = 52B2B01722CD1B4800D7FC6C /* Player.swift */; };
		52B2B01A22CD1C2400D7FC6C /* Data.swift in Sources */ = {isa = PBXBuildFile; fileRef = 52B2B01922CD1C2400D7FC6C /* Data.swift */; };
/* End PBXBuildFile section */

/* Begin PBXFileReference section */
		52B2AFFE22CD1ADD00D7FC6C /* TestVideoPlayer.app */ = {isa = PBXFileReference; explicitFileType = wrapper.application; includeInIndex = 0; path = TestVideoPlayer.app; sourceTree = BUILT_PRODUCTS_DIR; };
		52B2B00122CD1ADD00D7FC6C /* AppDelegate.swift */ = {isa = PBXFileReference; lastKnownFileType = sourcecode.swift; path = AppDelegate.swift; sourceTree = "<group>"; };
		52B2B00322CD1ADD00D7FC6C /* ViewController.swift */ = {isa = PBXFileReference; lastKnownFileType = sourcecode.swift; path = ViewController.swift; sourceTree = "<group>"; };
		52B2B00622CD1ADD00D7FC6C /* Base */ = {isa = PBXFileReference; lastKnownFileType = file.storyboard; name = Base; path = Base.lproj/Main.storyboard; sourceTree = "<group>"; };
		52B2B00822CD1ADE00D7FC6C /* Assets.xcassets */ = {isa = PBXFileReference; lastKnownFileType = folder.assetcatalog; path = Assets.xcassets; sourceTree = "<group>"; };
		52B2B00B22CD1ADE00D7FC6C /* Base */ = {isa = PBXFileReference; lastKnownFileType = file.storyboard; name = Base; path = Base.lproj/LaunchScreen.storyboard; sourceTree = "<group>"; };
		52B2B00D22CD1ADE00D7FC6C /* Info.plist */ = {isa = PBXFileReference; lastKnownFileType = text.plist.xml; path = Info.plist; sourceTree = "<group>"; };
		52B2B01422CD1B2400D7FC6C /* Download.swift */ = {isa = PBXFileReference; lastKnownFileType = sourcecode.swift; path = Download.swift; sourceTree = "<group>"; };
		52B2B01722CD1B4800D7FC6C /* Player.swift */ = {isa = PBXFileReference; lastKnownFileType = sourcecode.swift; path = Player.swift; sourceTree = "<group>"; };
		52B2B01922CD1C2400D7FC6C /* Data.swift */ = {isa = PBXFileReference; lastKnownFileType = sourcecode.swift; path = Data.swift; sourceTree = "<group>"; };
/* End PBXFileReference section */

/* Begin PBXFrameworksBuildPhase section */
		52B2AFFB22CD1ADD00D7FC6C /* Frameworks */ = {
			isa = PBXFrameworksBuildPhase;
			buildActionMask = 2147483647;
			files = (
			);
			runOnlyForDeploymentPostprocessing = 0;
		};
/* End PBXFrameworksBuildPhase section */

/* Begin PBXGroup section */
		52B2AFF522CD1ADD00D7FC6C = {
			isa = PBXGroup;
			children = (
				52B2B00022CD1ADD00D7FC6C /* TestVideoPlayer */,
				52B2AFFF22CD1ADD00D7FC6C /* Products */,
			);
			sourceTree = "<group>";
		};
		52B2AFFF22CD1ADD00D7FC6C /* Products */ = {
			isa = PBXGroup;
			children = (
				52B2AFFE22CD1ADD00D7FC6C /* TestVideoPlayer.app */,
			);
			name = Products;
			sourceTree = "<group>";
		};
		52B2B00022CD1ADD00D7FC6C /* TestVideoPlayer */ = {
			isa = PBXGroup;
			children = (
				52B2B01B22CD1C2C00D7FC6C /* Data */,
				52B2B01622CD1B3F00D7FC6C /* Player */,
				52B2B01322CD1B1500D7FC6C /* Network */,
				52B2B00122CD1ADD00D7FC6C /* AppDelegate.swift */,
				52B2B00322CD1ADD00D7FC6C /* ViewController.swift */,
				52B2B00522CD1ADD00D7FC6C /* Main.storyboard */,
				52B2B00822CD1ADE00D7FC6C /* Assets.xcassets */,
				52B2B00A22CD1ADE00D7FC6C /* LaunchScreen.storyboard */,
				52B2B00D22CD1ADE00D7FC6C /* Info.plist */,
			);
			path = TestVideoPlayer;
			sourceTree = "<group>";
		};
		52B2B01322CD1B1500D7FC6C /* Network */ = {
			isa = PBXGroup;
			children = (
				52B2B01422CD1B2400D7FC6C /* Download.swift */,
			);
			path = Network;
			sourceTree = "<group>";
		};
		52B2B01622CD1B3F00D7FC6C /* Player */ = {
			isa = PBXGroup;
			children = (
				52B2B01722CD1B4800D7FC6C /* Player.swift */,
			);
			path = Player;
			sourceTree = "<group>";
		};
		52B2B01B22CD1C2C00D7FC6C /* Data */ = {
			isa = PBXGroup;
			children = (
				52B2B01922CD1C2400D7FC6C /* Data.swift */,
			);
			name = Data;
			sourceTree = "<group>";
		};
/* End PBXGroup section */

/* Begin PBXNativeTarget section */
		52B2AFFD22CD1ADD00D7FC6C /* TestVideoPlayer */ = {
			isa = PBXNativeTarget;
			buildConfigurationList = 52B2B01022CD1ADE00D7FC6C /* Build configuration list for PBXNativeTarget "TestVideoPlayer" */;
			buildPhases = (
				52B2AFFA22CD1ADD00D7FC6C /* Sources */,
				52B2AFFB22CD1ADD00D7FC6C /* Frameworks */,
				52B2AFFC22CD1ADD00D7FC6C /* Resources */,
			);
			buildRules = (
			);
			dependencies = (
			);
			name = TestVideoPlayer;
			productName = TestVideoPlayer;
			productReference = 52B2AFFE22CD1ADD00D7FC6C /* TestVideoPlayer.app */;
			productType = "com.apple.product-type.application";
		};
/* End PBXNativeTarget section */

/* Begin PBXProject section */
		52B2AFF622CD1ADD00D7FC6C /* Project object */ = {
			isa = PBXProject;
			attributes = {
				LastSwiftUpdateCheck = 1020;
				LastUpgradeCheck = 1020;
				ORGANIZATIONNAME = "hyeoktae kwon";
				TargetAttributes = {
					52B2AFFD22CD1ADD00D7FC6C = {
						CreatedOnToolsVersion = 10.2.1;
					};
				};
			};
			buildConfigurationList = 52B2AFF922CD1ADD00D7FC6C /* Build configuration list for PBXProject "TestVideoPlayer" */;
			compatibilityVersion = "Xcode 9.3";
			developmentRegion = en;
			hasScannedForEncodings = 0;
			knownRegions = (
				en,
				Base,
			);
			mainGroup = 52B2AFF522CD1ADD00D7FC6C;
			productRefGroup = 52B2AFFF22CD1ADD00D7FC6C /* Products */;
			projectDirPath = "";
			projectRoot = "";
			targets = (
				52B2AFFD22CD1ADD00D7FC6C /* TestVideoPlayer */,
			);
		};
/* End PBXProject section */

/* Begin PBXResourcesBuildPhase section */
		52B2AFFC22CD1ADD00D7FC6C /* Resources */ = {
			isa = PBXResourcesBuildPhase;
			buildActionMask = 2147483647;
			files = (
				52B2B00C22CD1ADE00D7FC6C /* LaunchScreen.storyboard in Resources */,
				52B2B00922CD1ADE00D7FC6C /* Assets.xcassets in Resources */,
				52B2B00722CD1ADD00D7FC6C /* Main.storyboard in Resources */,
			);
			runOnlyForDeploymentPostprocessing = 0;
		};
/* End PBXResourcesBuildPhase section */

/* Begin PBXSourcesBuildPhase section */
		52B2AFFA22CD1ADD00D7FC6C /* Sources */ = {
			isa = PBXSourcesBuildPhase;
			buildActionMask = 2147483647;
			files = (
				52B2B01822CD1B4800D7FC6C /* Player.swift in Sources */,
				52B2B01A22CD1C2400D7FC6C /* Data.swift in Sources */,
				52B2B01522CD1B2400D7FC6C /* Download.swift in Sources */,
				52B2B00422CD1ADD00D7FC6C /* ViewController.swift in Sources */,
				52B2B00222CD1ADD00D7FC6C /* AppDelegate.swift in Sources */,
			);
			runOnlyForDeploymentPostprocessing = 0;
		};
/* End PBXSourcesBuildPhase section */

/* Begin PBXVariantGroup section */
		52B2B00522CD1ADD00D7FC6C /* Main.storyboard */ = {
			isa = PBXVariantGroup;
			children = (
				52B2B00622CD1ADD00D7FC6C /* Base */,
			);
			name = Main.storyboard;
			sourceTree = "<group>";
		};
		52B2B00A22CD1ADE00D7FC6C /* LaunchScreen.storyboard */ = {
			isa = PBXVariantGroup;
			children = (
				52B2B00B22CD1ADE00D7FC6C /* Base */,
			);
			name = LaunchScreen.storyboard;
			sourceTree = "<group>";
		};
/* End PBXVariantGroup section */

/* Begin XCBuildConfiguration section */
		52B2B00E22CD1ADE00D7FC6C /* Debug */ = {
			isa = XCBuildConfiguration;
			buildSettings = {
				ALWAYS_SEARCH_USER_PATHS = NO;
				CLANG_ANALYZER_NONNULL = YES;
				CLANG_ANALYZER_NUMBER_OBJECT_CONVERSION = YES_AGGRESSIVE;
				CLANG_CXX_LANGUAGE_STANDARD = "gnu++14";
				CLANG_CXX_LIBRARY = "libc++";
				CLANG_ENABLE_MODULES = YES;
				CLANG_ENABLE_OBJC_ARC = YES;
				CLANG_ENABLE_OBJC_WEAK = YES;
				CLANG_WARN_BLOCK_CAPTURE_AUTORELEASING = YES;
				CLANG_WARN_BOOL_CONVERSION = YES;
				CLANG_WARN_COMMA = YES;
				CLANG_WARN_CONSTANT_CONVERSION = YES;
				CLANG_WARN_DEPRECATED_OBJC_IMPLEMENTATIONS = YES;
				CLANG_WARN_DIRECT_OBJC_ISA_USAGE = YES_ERROR;
				CLANG_WARN_DOCUMENTATION_COMMENTS = YES;
				CLANG_WARN_EMPTY_BODY = YES;
				CLANG_WARN_ENUM_CONVERSION = YES;
				CLANG_WARN_INFINITE_RECURSION = YES;
				CLANG_WARN_INT_CONVERSION = YES;
				CLANG_WARN_NON_LITERAL_NULL_CONVERSION = YES;
				CLANG_WARN_OBJC_IMPLICIT_RETAIN_SELF = YES;
				CLANG_WARN_OBJC_LITERAL_CONVERSION = YES;
				CLANG_WARN_OBJC_ROOT_CLASS = YES_ERROR;
				CLANG_WARN_RANGE_LOOP_ANALYSIS = YES;
				CLANG_WARN_STRICT_PROTOTYPES = YES;
				CLANG_WARN_SUSPICIOUS_MOVE = YES;
				CLANG_WARN_UNGUARDED_AVAILABILITY = YES_AGGRESSIVE;
				CLANG_WARN_UNREACHABLE_CODE = YES;
				CLANG_WARN__DUPLICATE_METHOD_MATCH = YES;
				CODE_SIGN_IDENTITY = "iPhone Developer";
				COPY_PHASE_STRIP = NO;
				DEBUG_INFORMATION_FORMAT = dwarf;
				ENABLE_STRICT_OBJC_MSGSEND = YES;
				ENABLE_TESTABILITY = YES;
				GCC_C_LANGUAGE_STANDARD = gnu11;
				GCC_DYNAMIC_NO_PIC = NO;
				GCC_NO_COMMON_BLOCKS = YES;
				GCC_OPTIMIZATION_LEVEL = 0;
				GCC_PREPROCESSOR_DEFINITIONS = (
					"DEBUG=1",
					"$(inherited)",
				);
				GCC_WARN_64_TO_32_BIT_CONVERSION = YES;
				GCC_WARN_ABOUT_RETURN_TYPE = YES_ERROR;
				GCC_WARN_UNDECLARED_SELECTOR = YES;
				GCC_WARN_UNINITIALIZED_AUTOS = YES_AGGRESSIVE;
				GCC_WARN_UNUSED_FUNCTION = YES;
				GCC_WARN_UNUSED_VARIABLE = YES;
				IPHONEOS_DEPLOYMENT_TARGET = 12.2;
				MTL_ENABLE_DEBUG_INFO = INCLUDE_SOURCE;
				MTL_FAST_MATH = YES;
				ONLY_ACTIVE_ARCH = YES;
				SDKROOT = iphoneos;
				SWIFT_ACTIVE_COMPILATION_CONDITIONS = DEBUG;
				SWIFT_OPTIMIZATION_LEVEL = "-Onone";
			};
			name = Debug;
		};
		52B2B00F22CD1ADE00D7FC6C /* Release */ = {
			isa = XCBuildConfiguration;
			buildSettings = {
				ALWAYS_SEARCH_USER_PATHS = NO;
				CLANG_ANALYZER_NONNULL = YES;
				CLANG_ANALYZER_NUMBER_OBJECT_CONVERSION = YES_AGGRESSIVE;
				CLANG_CXX_LANGUAGE_STANDARD = "gnu++14";
				CLANG_CXX_LIBRARY = "libc++";
				CLANG_ENABLE_MODULES = YES;
				CLANG_ENABLE_OBJC_ARC = YES;
				CLANG_ENABLE_OBJC_WEAK = YES;
				CLANG_WARN_BLOCK_CAPTURE_AUTORELEASING = YES;
				CLANG_WARN_BOOL_CONVERSION = YES;
				CLANG_WARN_COMMA = YES;
				CLANG_WARN_CONSTANT_CONVERSION = YES;
				CLANG_WARN_DEPRECATED_OBJC_IMPLEMENTATIONS = YES;
				CLANG_WARN_DIRECT_OBJC_ISA_USAGE = YES_ERROR;
				CLANG_WARN_DOCUMENTATION_COMMENTS = YES;
				CLANG_WARN_EMPTY_BODY = YES;
				CLANG_WARN_ENUM_CONVERSION = YES;
				CLANG_WARN_INFINITE_RECURSION = YES;
				CLANG_WARN_INT_CONVERSION = YES;
				CLANG_WARN_NON_LITERAL_NULL_CONVERSION = YES;
				CLANG_WARN_OBJC_IMPLICIT_RETAIN_SELF = YES;
				CLANG_WARN_OBJC_LITERAL_CONVERSION = YES;
				CLANG_WARN_OBJC_ROOT_CLASS = YES_ERROR;
				CLANG_WARN_RANGE_LOOP_ANALYSIS = YES;
				CLANG_WARN_STRICT_PROTOTYPES = YES;
				CLANG_WARN_SUSPICIOUS_MOVE = YES;
				CLANG_WARN_UNGUARDED_AVAILABILITY = YES_AGGRESSIVE;
				CLANG_WARN_UNREACHABLE_CODE = YES;
				CLANG_WARN__DUPLICATE_METHOD_MATCH = YES;
				CODE_SIGN_IDENTITY = "iPhone Developer";
				COPY_PHASE_STRIP = NO;
				DEBUG_INFORMATION_FORMAT = "dwarf-with-dsym";
				ENABLE_NS_ASSERTIONS = NO;
				ENABLE_STRICT_OBJC_MSGSEND = YES;
				GCC_C_LANGUAGE_STANDARD = gnu11;
				GCC_NO_COMMON_BLOCKS = YES;
				GCC_WARN_64_TO_32_BIT_CONVERSION = YES;
				GCC_WARN_ABOUT_RETURN_TYPE = YES_ERROR;
				GCC_WARN_UNDECLARED_SELECTOR = YES;
				GCC_WARN_UNINITIALIZED_AUTOS = YES_AGGRESSIVE;
				GCC_WARN_UNUSED_FUNCTION = YES;
				GCC_WARN_UNUSED_VARIABLE = YES;
				IPHONEOS_DEPLOYMENT_TARGET = 12.2;
				MTL_ENABLE_DEBUG_INFO = NO;
				MTL_FAST_MATH = YES;
				SDKROOT = iphoneos;
				SWIFT_COMPILATION_MODE = wholemodule;
				SWIFT_OPTIMIZATION_LEVEL = "-O";
				VALIDATE_PRODUCT = YES;
			};
			name = Release;
		};
		52B2B01122CD1ADE00D7FC6C /* Debug */ = {
			isa = XCBuildConfiguration;
			buildSettings = {
				ASSETCATALOG_COMPILER_APPICON_NAME = AppIcon;
				CODE_SIGN_STYLE = Automatic;
				DEVELOPMENT_TEAM = 5W72YMDK56;
				INFOPLIST_FILE = TestVideoPlayer/Info.plist;
				LD_RUNPATH_SEARCH_PATHS = (
					"$(inherited)",
					"@executable_path/Frameworks",
				);
				PRODUCT_BUNDLE_IDENTIFIER = hyeoktae.com.TestVideoPlayer;
				PRODUCT_NAME = "$(TARGET_NAME)";
				SWIFT_VERSION = 5.0;
				TARGETED_DEVICE_FAMILY = "1,2";
			};
			name = Debug;
		};
		52B2B01222CD1ADE00D7FC6C /* Release */ = {
			isa = XCBuildConfiguration;
			buildSettings = {
				ASSETCATALOG_COMPILER_APPICON_NAME = AppIcon;
				CODE_SIGN_STYLE = Automatic;
				DEVELOPMENT_TEAM = 5W72YMDK56;
				INFOPLIST_FILE = TestVideoPlayer/Info.plist;
				LD_RUNPATH_SEARCH_PATHS = (
					"$(inherited)",
					"@executable_path/Frameworks",
				);
				PRODUCT_BUNDLE_IDENTIFIER = hyeoktae.com.TestVideoPlayer;
				PRODUCT_NAME = "$(TARGET_NAME)";
				SWIFT_VERSION = 5.0;
				TARGETED_DEVICE_FAMILY = "1,2";
			};
			name = Release;
		};
/* End XCBuildConfiguration section */

/* Begin XCConfigurationList section */
		52B2AFF922CD1ADD00D7FC6C /* Build configuration list for PBXProject "TestVideoPlayer" */ = {
			isa = XCConfigurationList;
			buildConfigurations = (
				52B2B00E22CD1ADE00D7FC6C /* Debug */,
				52B2B00F22CD1ADE00D7FC6C /* Release */,
			);
			defaultConfigurationIsVisible = 0;
			defaultConfigurationName = Release;
		};
		52B2B01022CD1ADE00D7FC6C /* Build configuration list for PBXNativeTarget "TestVideoPlayer" */ = {
			isa = XCConfigurationList;
			buildConfigurations = (
				52B2B01122CD1ADE00D7FC6C /* Debug */,
				52B2B01222CD1ADE00D7FC6C /* Release */,
			);
			defaultConfigurationIsVisible = 0;
			defaultConfigurationName = Release;
		};
/* End XCConfigurationList section */
	};
	rootObject = 52B2AFF622CD1ADD00D7FC6C /* Project object */;
}
