// !$*UTF8*$!
{
	archiveVersion = 1;
	classes = {
	};
	objectVersion = 50;
	objects = {

/* Begin PBXBuildFile section */
		52E239F4228C1FD1002F513B /* AppDelegate.swift in Sources */ = {isa = PBXBuildFile; fileRef = 52E239F3228C1FD1002F513B /* AppDelegate.swift */; };
		52E239F6228C1FD1002F513B /* ViewController.swift in Sources */ = {isa = PBXBuildFile; fileRef = 52E239F5228C1FD1002F513B /* ViewController.swift */; };
		52E239F9228C1FD1002F513B /* Main.storyboard in Resources */ = {isa = PBXBuildFile; fileRef = 52E239F7228C1FD1002F513B /* Main.storyboard */; };
		52E239FB228C1FD2002F513B /* Assets.xcassets in Resources */ = {isa = PBXBuildFile; fileRef = 52E239FA228C1FD2002F513B /* Assets.xcassets */; };
		52E239FE228C1FD2002F513B /* LaunchScreen.storyboard in Resources */ = {isa = PBXBuildFile; fileRef = 52E239FC228C1FD2002F513B /* LaunchScreen.storyboard */; };
		52E23A06228C225A002F513B /* Post.swift in Sources */ = {isa = PBXBuildFile; fileRef = 52E23A05228C225A002F513B /* Post.swift */; };
		52E23A09228C796D002F513B /* TestViewController.swift in Sources */ = {isa = PBXBuildFile; fileRef = 52E23A08228C796D002F513B /* TestViewController.swift */; };
		52E23A34228DD5DE002F513B /* speak.plist in Resources */ = {isa = PBXBuildFile; fileRef = 52E23A33228DD5DE002F513B /* speak.plist */; };
/* End PBXBuildFile section */

/* Begin PBXFileReference section */
		52E239F0228C1FD1002F513B /* TestTextReader.app */ = {isa = PBXFileReference; explicitFileType = wrapper.application; includeInIndex = 0; path = TestTextReader.app; sourceTree = BUILT_PRODUCTS_DIR; };
		52E239F3228C1FD1002F513B /* AppDelegate.swift */ = {isa = PBXFileReference; lastKnownFileType = sourcecode.swift; path = AppDelegate.swift; sourceTree = "<group>"; };
		52E239F5228C1FD1002F513B /* ViewController.swift */ = {isa = PBXFileReference; lastKnownFileType = sourcecode.swift; path = ViewController.swift; sourceTree = "<group>"; };
		52E239F8228C1FD1002F513B /* Base */ = {isa = PBXFileReference; lastKnownFileType = file.storyboard; name = Base; path = Base.lproj/Main.storyboard; sourceTree = "<group>"; };
		52E239FA228C1FD2002F513B /* Assets.xcassets */ = {isa = PBXFileReference; lastKnownFileType = folder.assetcatalog; path = Assets.xcassets; sourceTree = "<group>"; };
		52E239FD228C1FD2002F513B /* Base */ = {isa = PBXFileReference; lastKnownFileType = file.storyboard; name = Base; path = Base.lproj/LaunchScreen.storyboard; sourceTree = "<group>"; };
		52E239FF228C1FD2002F513B /* Info.plist */ = {isa = PBXFileReference; lastKnownFileType = text.plist.xml; path = Info.plist; sourceTree = "<group>"; };
		52E23A05228C225A002F513B /* Post.swift */ = {isa = PBXFileReference; lastKnownFileType = sourcecode.swift; path = Post.swift; sourceTree = "<group>"; };
		52E23A08228C796D002F513B /* TestViewController.swift */ = {isa = PBXFileReference; lastKnownFileType = sourcecode.swift; path = TestViewController.swift; sourceTree = "<group>"; };
		52E23A33228DD5DE002F513B /* speak.plist */ = {isa = PBXFileReference; lastKnownFileType = text.plist.xml; path = speak.plist; sourceTree = "<group>"; };
/* End PBXFileReference section */

/* Begin PBXFrameworksBuildPhase section */
		52E239ED228C1FD1002F513B /* Frameworks */ = {
			isa = PBXFrameworksBuildPhase;
			buildActionMask = 2147483647;
			files = (
			);
			runOnlyForDeploymentPostprocessing = 0;
		};
/* End PBXFrameworksBuildPhase section */

/* Begin PBXGroup section */
		52E239E7228C1FD1002F513B = {
			isa = PBXGroup;
			children = (
				52E239F2228C1FD1002F513B /* TestTextReader */,
				52E239F1228C1FD1002F513B /* Products */,
			);
			sourceTree = "<group>";
		};
		52E239F1228C1FD1002F513B /* Products */ = {
			isa = PBXGroup;
			children = (
				52E239F0228C1FD1002F513B /* TestTextReader.app */,
			);
			name = Products;
			sourceTree = "<group>";
		};
		52E239F2228C1FD1002F513B /* TestTextReader */ = {
			isa = PBXGroup;
			children = (
				52E239F3228C1FD1002F513B /* AppDelegate.swift */,
				52E239F5228C1FD1002F513B /* ViewController.swift */,
				52E23A05228C225A002F513B /* Post.swift */,
				52E23A08228C796D002F513B /* TestViewController.swift */,
				52E239F7228C1FD1002F513B /* Main.storyboard */,
				52E239FA228C1FD2002F513B /* Assets.xcassets */,
				52E239FC228C1FD2002F513B /* LaunchScreen.storyboard */,
				52E239FF228C1FD2002F513B /* Info.plist */,
				52E23A33228DD5DE002F513B /* speak.plist */,
			);
			path = TestTextReader;
			sourceTree = "<group>";
		};
/* End PBXGroup section */

/* Begin PBXNativeTarget section */
		52E239EF228C1FD1002F513B /* TestTextReader */ = {
			isa = PBXNativeTarget;
			buildConfigurationList = 52E23A02228C1FD2002F513B /* Build configuration list for PBXNativeTarget "TestTextReader" */;
			buildPhases = (
				52E239EC228C1FD1002F513B /* Sources */,
				52E239ED228C1FD1002F513B /* Frameworks */,
				52E239EE228C1FD1002F513B /* Resources */,
			);
			buildRules = (
			);
			dependencies = (
			);
			name = TestTextReader;
			productName = TestTextReader;
			productReference = 52E239F0228C1FD1002F513B /* TestTextReader.app */;
			productType = "com.apple.product-type.application";
		};
/* End PBXNativeTarget section */

/* Begin PBXProject section */
		52E239E8228C1FD1002F513B /* Project object */ = {
			isa = PBXProject;
			attributes = {
				LastSwiftUpdateCheck = 1020;
				LastUpgradeCheck = 1020;
				ORGANIZATIONNAME = "hyeoktae kwon";
				TargetAttributes = {
					52E239EF228C1FD1002F513B = {
						CreatedOnToolsVersion = 10.2.1;
					};
				};
			};
			buildConfigurationList = 52E239EB228C1FD1002F513B /* Build configuration list for PBXProject "TestTextReader" */;
			compatibilityVersion = "Xcode 9.3";
			developmentRegion = en;
			hasScannedForEncodings = 0;
			knownRegions = (
				en,
				Base,
			);
			mainGroup = 52E239E7228C1FD1002F513B;
			productRefGroup = 52E239F1228C1FD1002F513B /* Products */;
			projectDirPath = "";
			projectRoot = "";
			targets = (
				52E239EF228C1FD1002F513B /* TestTextReader */,
			);
		};
/* End PBXProject section */

/* Begin PBXResourcesBuildPhase section */
		52E239EE228C1FD1002F513B /* Resources */ = {
			isa = PBXResourcesBuildPhase;
			buildActionMask = 2147483647;
			files = (
				52E239FE228C1FD2002F513B /* LaunchScreen.storyboard in Resources */,
				52E23A34228DD5DE002F513B /* speak.plist in Resources */,
				52E239FB228C1FD2002F513B /* Assets.xcassets in Resources */,
				52E239F9228C1FD1002F513B /* Main.storyboard in Resources */,
			);
			runOnlyForDeploymentPostprocessing = 0;
		};
/* End PBXResourcesBuildPhase section */

/* Begin PBXSourcesBuildPhase section */
		52E239EC228C1FD1002F513B /* Sources */ = {
			isa = PBXSourcesBuildPhase;
			buildActionMask = 2147483647;
			files = (
				52E23A06228C225A002F513B /* Post.swift in Sources */,
				52E239F6228C1FD1002F513B /* ViewController.swift in Sources */,
				52E23A09228C796D002F513B /* TestViewController.swift in Sources */,
				52E239F4228C1FD1002F513B /* AppDelegate.swift in Sources */,
			);
			runOnlyForDeploymentPostprocessing = 0;
		};
/* End PBXSourcesBuildPhase section */

/* Begin PBXVariantGroup section */
		52E239F7228C1FD1002F513B /* Main.storyboard */ = {
			isa = PBXVariantGroup;
			children = (
				52E239F8228C1FD1002F513B /* Base */,
			);
			name = Main.storyboard;
			sourceTree = "<group>";
		};
		52E239FC228C1FD2002F513B /* LaunchScreen.storyboard */ = {
			isa = PBXVariantGroup;
			children = (
				52E239FD228C1FD2002F513B /* Base */,
			);
			name = LaunchScreen.storyboard;
			sourceTree = "<group>";
		};
/* End PBXVariantGroup section */

/* Begin XCBuildConfiguration section */
		52E23A00228C1FD2002F513B /* Debug */ = {
			isa = XCBuildConfiguration;
			buildSettings = {
				ALWAYS_SEARCH_USER_PATHS = NO;
				CLANG_ANALYZER_NONNULL = YES;
				CLANG_ANALYZER_NUMBER_OBJECT_CONVERSION = YES_AGGRESSIVE;
				CLANG_CXX_LANGUAGE_STANDARD = "gnu++14";
				CLANG_CXX_LIBRARY = "libc++";
				CLANG_ENABLE_MODULES = YES;
				CLANG_ENABLE_OBJC_ARC = YES;
				CLANG_ENABLE_OBJC_WEAK = YES;
				CLANG_WARN_BLOCK_CAPTURE_AUTORELEASING = YES;
				CLANG_WARN_BOOL_CONVERSION = YES;
				CLANG_WARN_COMMA = YES;
				CLANG_WARN_CONSTANT_CONVERSION = YES;
				CLANG_WARN_DEPRECATED_OBJC_IMPLEMENTATIONS = YES;
				CLANG_WARN_DIRECT_OBJC_ISA_USAGE = YES_ERROR;
				CLANG_WARN_DOCUMENTATION_COMMENTS = YES;
				CLANG_WARN_EMPTY_BODY = YES;
				CLANG_WARN_ENUM_CONVERSION = YES;
				CLANG_WARN_INFINITE_RECURSION = YES;
				CLANG_WARN_INT_CONVERSION = YES;
				CLANG_WARN_NON_LITERAL_NULL_CONVERSION = YES;
				CLANG_WARN_OBJC_IMPLICIT_RETAIN_SELF = YES;
				CLANG_WARN_OBJC_LITERAL_CONVERSION = YES;
				CLANG_WARN_OBJC_ROOT_CLASS = YES_ERROR;
				CLANG_WARN_RANGE_LOOP_ANALYSIS = YES;
				CLANG_WARN_STRICT_PROTOTYPES = YES;
				CLANG_WARN_SUSPICIOUS_MOVE = YES;
				CLANG_WARN_UNGUARDED_AVAILABILITY = YES_AGGRESSIVE;
				CLANG_WARN_UNREACHABLE_CODE = YES;
				CLANG_WARN__DUPLICATE_METHOD_MATCH = YES;
				CODE_SIGN_IDENTITY = "iPhone Developer";
				COPY_PHASE_STRIP = NO;
				DEBUG_INFORMATION_FORMAT = dwarf;
				ENABLE_STRICT_OBJC_MSGSEND = YES;
				ENABLE_TESTABILITY = YES;
				GCC_C_LANGUAGE_STANDARD = gnu11;
				GCC_DYNAMIC_NO_PIC = NO;
				GCC_NO_COMMON_BLOCKS = YES;
				GCC_OPTIMIZATION_LEVEL = 0;
				GCC_PREPROCESSOR_DEFINITIONS = (
					"DEBUG=1",
					"$(inherited)",
				);
				GCC_WARN_64_TO_32_BIT_CONVERSION = YES;
				GCC_WARN_ABOUT_RETURN_TYPE = YES_ERROR;
				GCC_WARN_UNDECLARED_SELECTOR = YES;
				GCC_WARN_UNINITIALIZED_AUTOS = YES_AGGRESSIVE;
				GCC_WARN_UNUSED_FUNCTION = YES;
				GCC_WARN_UNUSED_VARIABLE = YES;
				IPHONEOS_DEPLOYMENT_TARGET = 12.2;
				MTL_ENABLE_DEBUG_INFO = INCLUDE_SOURCE;
				MTL_FAST_MATH = YES;
				ONLY_ACTIVE_ARCH = YES;
				SDKROOT = iphoneos;
				SWIFT_ACTIVE_COMPILATION_CONDITIONS = DEBUG;
				SWIFT_OPTIMIZATION_LEVEL = "-Onone";
			};
			name = Debug;
		};
		52E23A01228C1FD2002F513B /* Release */ = {
			isa = XCBuildConfiguration;
			buildSettings = {
				ALWAYS_SEARCH_USER_PATHS = NO;
				CLANG_ANALYZER_NONNULL = YES;
				CLANG_ANALYZER_NUMBER_OBJECT_CONVERSION = YES_AGGRESSIVE;
				CLANG_CXX_LANGUAGE_STANDARD = "gnu++14";
				CLANG_CXX_LIBRARY = "libc++";
				CLANG_ENABLE_MODULES = YES;
				CLANG_ENABLE_OBJC_ARC = YES;
				CLANG_ENABLE_OBJC_WEAK = YES;
				CLANG_WARN_BLOCK_CAPTURE_AUTORELEASING = YES;
				CLANG_WARN_BOOL_CONVERSION = YES;
				CLANG_WARN_COMMA = YES;
				CLANG_WARN_CONSTANT_CONVERSION = YES;
				CLANG_WARN_DEPRECATED_OBJC_IMPLEMENTATIONS = YES;
				CLANG_WARN_DIRECT_OBJC_ISA_USAGE = YES_ERROR;
				CLANG_WARN_DOCUMENTATION_COMMENTS = YES;
				CLANG_WARN_EMPTY_BODY = YES;
				CLANG_WARN_ENUM_CONVERSION = YES;
				CLANG_WARN_INFINITE_RECURSION = YES;
				CLANG_WARN_INT_CONVERSION = YES;
				CLANG_WARN_NON_LITERAL_NULL_CONVERSION = YES;
				CLANG_WARN_OBJC_IMPLICIT_RETAIN_SELF = YES;
				CLANG_WARN_OBJC_LITERAL_CONVERSION = YES;
				CLANG_WARN_OBJC_ROOT_CLASS = YES_ERROR;
				CLANG_WARN_RANGE_LOOP_ANALYSIS = YES;
				CLANG_WARN_STRICT_PROTOTYPES = YES;
				CLANG_WARN_SUSPICIOUS_MOVE = YES;
				CLANG_WARN_UNGUARDED_AVAILABILITY = YES_AGGRESSIVE;
				CLANG_WARN_UNREACHABLE_CODE = YES;
				CLANG_WARN__DUPLICATE_METHOD_MATCH = YES;
				CODE_SIGN_IDENTITY = "iPhone Developer";
				COPY_PHASE_STRIP = NO;
				DEBUG_INFORMATION_FORMAT = "dwarf-with-dsym";
				ENABLE_NS_ASSERTIONS = NO;
				ENABLE_STRICT_OBJC_MSGSEND = YES;
				GCC_C_LANGUAGE_STANDARD = gnu11;
				GCC_NO_COMMON_BLOCKS = YES;
				GCC_WARN_64_TO_32_BIT_CONVERSION = YES;
				GCC_WARN_ABOUT_RETURN_TYPE = YES_ERROR;
				GCC_WARN_UNDECLARED_SELECTOR = YES;
				GCC_WARN_UNINITIALIZED_AUTOS = YES_AGGRESSIVE;
				GCC_WARN_UNUSED_FUNCTION = YES;
				GCC_WARN_UNUSED_VARIABLE = YES;
				IPHONEOS_DEPLOYMENT_TARGET = 12.2;
				MTL_ENABLE_DEBUG_INFO = NO;
				MTL_FAST_MATH = YES;
				SDKROOT = iphoneos;
				SWIFT_COMPILATION_MODE = wholemodule;
				SWIFT_OPTIMIZATION_LEVEL = "-O";
				VALIDATE_PRODUCT = YES;
			};
			name = Release;
		};
		52E23A03228C1FD2002F513B /* Debug */ = {
			isa = XCBuildConfiguration;
			buildSettings = {
				ASSETCATALOG_COMPILER_APPICON_NAME = AppIcon;
				CODE_SIGN_STYLE = Automatic;
				DEVELOPMENT_TEAM = 5W72YMDK56;
				INFOPLIST_FILE = TestTextReader/Info.plist;
				LD_RUNPATH_SEARCH_PATHS = (
					"$(inherited)",
					"@executable_path/Frameworks",
				);
				PRODUCT_BUNDLE_IDENTIFIER = "hyeoktae-com.github.TestTextReader";
				PRODUCT_NAME = "$(TARGET_NAME)";
				SWIFT_VERSION = 5.0;
				TARGETED_DEVICE_FAMILY = "1,2";
			};
			name = Debug;
		};
		52E23A04228C1FD2002F513B /* Release */ = {
			isa = XCBuildConfiguration;
			buildSettings = {
				ASSETCATALOG_COMPILER_APPICON_NAME = AppIcon;
				CODE_SIGN_STYLE = Automatic;
				DEVELOPMENT_TEAM = 5W72YMDK56;
				INFOPLIST_FILE = TestTextReader/Info.plist;
				LD_RUNPATH_SEARCH_PATHS = (
					"$(inherited)",
					"@executable_path/Frameworks",
				);
				PRODUCT_BUNDLE_IDENTIFIER = "hyeoktae-com.github.TestTextReader";
				PRODUCT_NAME = "$(TARGET_NAME)";
				SWIFT_VERSION = 5.0;
				TARGETED_DEVICE_FAMILY = "1,2";
			};
			name = Release;
		};
/* End XCBuildConfiguration section */

/* Begin XCConfigurationList section */
		52E239EB228C1FD1002F513B /* Build configuration list for PBXProject "TestTextReader" */ = {
			isa = XCConfigurationList;
			buildConfigurations = (
				52E23A00228C1FD2002F513B /* Debug */,
				52E23A01228C1FD2002F513B /* Release */,
			);
			defaultConfigurationIsVisible = 0;
			defaultConfigurationName = Release;
		};
		52E23A02228C1FD2002F513B /* Build configuration list for PBXNativeTarget "TestTextReader" */ = {
			isa = XCConfigurationList;
			buildConfigurations = (
				52E23A03228C1FD2002F513B /* Debug */,
				52E23A04228C1FD2002F513B /* Release */,
			);
			defaultConfigurationIsVisible = 0;
			defaultConfigurationName = Release;
		};
/* End XCConfigurationList section */
	};
	rootObject = 52E239E8228C1FD1002F513B /* Project object */;
}
