// !$*UTF8*$!
{
	archiveVersion = 1;
	classes = {
	};
	objectVersion = 51;
	objects = {

/* Begin PBXBuildFile section */
		52BA1C2922AC036000BD02B4 /* AppDelegate.swift in Sources */ = {isa = PBXBuildFile; fileRef = 52BA1C2822AC036000BD02B4 /* AppDelegate.swift */; };
		52BA1C2B22AC036000BD02B4 /* ViewController.swift in Sources */ = {isa = PBXBuildFile; fileRef = 52BA1C2A22AC036000BD02B4 /* ViewController.swift */; };
		52BA1C2E22AC036000BD02B4 /* Main.storyboard in Resources */ = {isa = PBXBuildFile; fileRef = 52BA1C2C22AC036000BD02B4 /* Main.storyboard */; };
		52BA1C3022AC036100BD02B4 /* Assets.xcassets in Resources */ = {isa = PBXBuildFile; fileRef = 52BA1C2F22AC036100BD02B4 /* Assets.xcassets */; };
		52BA1C3322AC036100BD02B4 /* LaunchScreen.storyboard in Resources */ = {isa = PBXBuildFile; fileRef = 52BA1C3122AC036100BD02B4 /* LaunchScreen.storyboard */; };
		56A1D8E2B5DA8606EF2981BE /* Pods_TestRxLowVersion.framework in Frameworks */ = {isa = PBXBuildFile; fileRef = B730AB16D87AE29B362E7949 /* Pods_TestRxLowVersion.framework */; };
/* End PBXBuildFile section */

/* Begin PBXFileReference section */
		502B80C93212C8913F5E9B34 /* Pods-TestRxLowVersion.release.xcconfig */ = {isa = PBXFileReference; includeInIndex = 1; lastKnownFileType = text.xcconfig; name = "Pods-TestRxLowVersion.release.xcconfig"; path = "Target Support Files/Pods-TestRxLowVersion/Pods-TestRxLowVersion.release.xcconfig"; sourceTree = "<group>"; };
		52BA1C2522AC036000BD02B4 /* TestRxLowVersion.app */ = {isa = PBXFileReference; explicitFileType = wrapper.application; includeInIndex = 0; path = TestRxLowVersion.app; sourceTree = BUILT_PRODUCTS_DIR; };
		52BA1C2822AC036000BD02B4 /* AppDelegate.swift */ = {isa = PBXFileReference; lastKnownFileType = sourcecode.swift; path = AppDelegate.swift; sourceTree = "<group>"; };
		52BA1C2A22AC036000BD02B4 /* ViewController.swift */ = {isa = PBXFileReference; lastKnownFileType = sourcecode.swift; path = ViewController.swift; sourceTree = "<group>"; };
		52BA1C2D22AC036000BD02B4 /* Base */ = {isa = PBXFileReference; lastKnownFileType = file.storyboard; name = Base; path = Base.lproj/Main.storyboard; sourceTree = "<group>"; };
		52BA1C2F22AC036100BD02B4 /* Assets.xcassets */ = {isa = PBXFileReference; lastKnownFileType = folder.assetcatalog; path = Assets.xcassets; sourceTree = "<group>"; };
		52BA1C3222AC036100BD02B4 /* Base */ = {isa = PBXFileReference; lastKnownFileType = file.storyboard; name = Base; path = Base.lproj/LaunchScreen.storyboard; sourceTree = "<group>"; };
		52BA1C3422AC036100BD02B4 /* Info.plist */ = {isa = PBXFileReference; lastKnownFileType = text.plist.xml; path = Info.plist; sourceTree = "<group>"; };
		B730AB16D87AE29B362E7949 /* Pods_TestRxLowVersion.framework */ = {isa = PBXFileReference; explicitFileType = wrapper.framework; includeInIndex = 0; path = Pods_TestRxLowVersion.framework; sourceTree = BUILT_PRODUCTS_DIR; };
		C2FFA48A248A7981A6713B79 /* Pods-TestRxLowVersion.debug.xcconfig */ = {isa = PBXFileReference; includeInIndex = 1; lastKnownFileType = text.xcconfig; name = "Pods-TestRxLowVersion.debug.xcconfig"; path = "Target Support Files/Pods-TestRxLowVersion/Pods-TestRxLowVersion.debug.xcconfig"; sourceTree = "<group>"; };
/* End PBXFileReference section */

/* Begin PBXFrameworksBuildPhase section */
		52BA1C2222AC036000BD02B4 /* Frameworks */ = {
			isa = PBXFrameworksBuildPhase;
			buildActionMask = 2147483647;
			files = (
				56A1D8E2B5DA8606EF2981BE /* Pods_TestRxLowVersion.framework in Frameworks */,
			);
			runOnlyForDeploymentPostprocessing = 0;
		};
/* End PBXFrameworksBuildPhase section */

/* Begin PBXGroup section */
		23FD50F60570616942F839C1 /* Pods */ = {
			isa = PBXGroup;
			children = (
				C2FFA48A248A7981A6713B79 /* Pods-TestRxLowVersion.debug.xcconfig */,
				502B80C93212C8913F5E9B34 /* Pods-TestRxLowVersion.release.xcconfig */,
			);
			path = Pods;
			sourceTree = "<group>";
		};
		52BA1C1C22AC036000BD02B4 = {
			isa = PBXGroup;
			children = (
				52BA1C2722AC036000BD02B4 /* TestRxLowVersion */,
				52BA1C2622AC036000BD02B4 /* Products */,
				23FD50F60570616942F839C1 /* Pods */,
				C954F4194E27379C13542D05 /* Frameworks */,
			);
			sourceTree = "<group>";
		};
		52BA1C2622AC036000BD02B4 /* Products */ = {
			isa = PBXGroup;
			children = (
				52BA1C2522AC036000BD02B4 /* TestRxLowVersion.app */,
			);
			name = Products;
			sourceTree = "<group>";
		};
		52BA1C2722AC036000BD02B4 /* TestRxLowVersion */ = {
			isa = PBXGroup;
			children = (
				52BA1C2822AC036000BD02B4 /* AppDelegate.swift */,
				52BA1C2A22AC036000BD02B4 /* ViewController.swift */,
				52BA1C2C22AC036000BD02B4 /* Main.storyboard */,
				52BA1C2F22AC036100BD02B4 /* Assets.xcassets */,
				52BA1C3122AC036100BD02B4 /* LaunchScreen.storyboard */,
				52BA1C3422AC036100BD02B4 /* Info.plist */,
			);
			path = TestRxLowVersion;
			sourceTree = "<group>";
		};
		C954F4194E27379C13542D05 /* Frameworks */ = {
			isa = PBXGroup;
			children = (
				B730AB16D87AE29B362E7949 /* Pods_TestRxLowVersion.framework */,
			);
			name = Frameworks;
			sourceTree = "<group>";
		};
/* End PBXGroup section */

/* Begin PBXNativeTarget section */
		52BA1C2422AC036000BD02B4 /* TestRxLowVersion */ = {
			isa = PBXNativeTarget;
			buildConfigurationList = 52BA1C3722AC036100BD02B4 /* Build configuration list for PBXNativeTarget "TestRxLowVersion" */;
			buildPhases = (
				BFCDDA95FD20B2C963B29956 /* [CP] Check Pods Manifest.lock */,
				52BA1C2122AC036000BD02B4 /* Sources */,
				52BA1C2222AC036000BD02B4 /* Frameworks */,
				52BA1C2322AC036000BD02B4 /* Resources */,
				47CF1A57DF2AB2AAC3275F7C /* [CP] Embed Pods Frameworks */,
			);
			buildRules = (
			);
			dependencies = (
			);
			name = TestRxLowVersion;
			productName = TestRxLowVersion;
			productReference = 52BA1C2522AC036000BD02B4 /* TestRxLowVersion.app */;
			productType = "com.apple.product-type.application";
		};
/* End PBXNativeTarget section */

/* Begin PBXProject section */
		52BA1C1D22AC036000BD02B4 /* Project object */ = {
			isa = PBXProject;
			attributes = {
				LastSwiftUpdateCheck = 1020;
				LastUpgradeCheck = 1020;
				ORGANIZATIONNAME = "hyeoktae kwon";
				TargetAttributes = {
					52BA1C2422AC036000BD02B4 = {
						CreatedOnToolsVersion = 10.2.1;
					};
				};
			};
			buildConfigurationList = 52BA1C2022AC036000BD02B4 /* Build configuration list for PBXProject "TestRxLowVersion" */;
			compatibilityVersion = "Xcode 9.3";
			developmentRegion = en;
			hasScannedForEncodings = 0;
			knownRegions = (
				en,
				Base,
			);
			mainGroup = 52BA1C1C22AC036000BD02B4;
			productRefGroup = 52BA1C2622AC036000BD02B4 /* Products */;
			projectDirPath = "";
			projectRoot = "";
			targets = (
				52BA1C2422AC036000BD02B4 /* TestRxLowVersion */,
			);
		};
/* End PBXProject section */

/* Begin PBXResourcesBuildPhase section */
		52BA1C2322AC036000BD02B4 /* Resources */ = {
			isa = PBXResourcesBuildPhase;
			buildActionMask = 2147483647;
			files = (
				52BA1C3322AC036100BD02B4 /* LaunchScreen.storyboard in Resources */,
				52BA1C3022AC036100BD02B4 /* Assets.xcassets in Resources */,
				52BA1C2E22AC036000BD02B4 /* Main.storyboard in Resources */,
			);
			runOnlyForDeploymentPostprocessing = 0;
		};
/* End PBXResourcesBuildPhase section */

/* Begin PBXShellScriptBuildPhase section */
		47CF1A57DF2AB2AAC3275F7C /* [CP] Embed Pods Frameworks */ = {
			isa = PBXShellScriptBuildPhase;
			buildActionMask = 2147483647;
			files = (
			);
			inputFileListPaths = (
				"${PODS_ROOT}/Target Support Files/Pods-TestRxLowVersion/Pods-TestRxLowVersion-frameworks-${CONFIGURATION}-input-files.xcfilelist",
			);
			name = "[CP] Embed Pods Frameworks";
			outputFileListPaths = (
				"${PODS_ROOT}/Target Support Files/Pods-TestRxLowVersion/Pods-TestRxLowVersion-frameworks-${CONFIGURATION}-output-files.xcfilelist",
			);
			runOnlyForDeploymentPostprocessing = 0;
			shellPath = /bin/sh;
			shellScript = "\"${PODS_ROOT}/Target Support Files/Pods-TestRxLowVersion/Pods-TestRxLowVersion-frameworks.sh\"\n";
			showEnvVarsInLog = 0;
		};
		BFCDDA95FD20B2C963B29956 /* [CP] Check Pods Manifest.lock */ = {
			isa = PBXShellScriptBuildPhase;
			buildActionMask = 2147483647;
			files = (
			);
			inputFileListPaths = (
			);
			inputPaths = (
				"${PODS_PODFILE_DIR_PATH}/Podfile.lock",
				"${PODS_ROOT}/Manifest.lock",
			);
			name = "[CP] Check Pods Manifest.lock";
			outputFileListPaths = (
			);
			outputPaths = (
				"$(DERIVED_FILE_DIR)/Pods-TestRxLowVersion-checkManifestLockResult.txt",
			);
			runOnlyForDeploymentPostprocessing = 0;
			shellPath = /bin/sh;
			shellScript = "diff \"${PODS_PODFILE_DIR_PATH}/Podfile.lock\" \"${PODS_ROOT}/Manifest.lock\" > /dev/null\nif [ $? != 0 ] ; then\n    # print error to STDERR\n    echo \"error: The sandbox is not in sync with the Podfile.lock. Run 'pod install' or update your CocoaPods installation.\" >&2\n    exit 1\nfi\n# This output is used by Xcode 'outputs' to avoid re-running this script phase.\necho \"SUCCESS\" > \"${SCRIPT_OUTPUT_FILE_0}\"\n";
			showEnvVarsInLog = 0;
		};
/* End PBXShellScriptBuildPhase section */

/* Begin PBXSourcesBuildPhase section */
		52BA1C2122AC036000BD02B4 /* Sources */ = {
			isa = PBXSourcesBuildPhase;
			buildActionMask = 2147483647;
			files = (
				52BA1C2B22AC036000BD02B4 /* ViewController.swift in Sources */,
				52BA1C2922AC036000BD02B4 /* AppDelegate.swift in Sources */,
			);
			runOnlyForDeploymentPostprocessing = 0;
		};
/* End PBXSourcesBuildPhase section */

/* Begin PBXVariantGroup section */
		52BA1C2C22AC036000BD02B4 /* Main.storyboard */ = {
			isa = PBXVariantGroup;
			children = (
				52BA1C2D22AC036000BD02B4 /* Base */,
			);
			name = Main.storyboard;
			sourceTree = "<group>";
		};
		52BA1C3122AC036100BD02B4 /* LaunchScreen.storyboard */ = {
			isa = PBXVariantGroup;
			children = (
				52BA1C3222AC036100BD02B4 /* Base */,
			);
			name = LaunchScreen.storyboard;
			sourceTree = "<group>";
		};
/* End PBXVariantGroup section */

/* Begin XCBuildConfiguration section */
		52BA1C3522AC036100BD02B4 /* Debug */ = {
			isa = XCBuildConfiguration;
			buildSettings = {
				ALWAYS_SEARCH_USER_PATHS = NO;
				CLANG_ANALYZER_NONNULL = YES;
				CLANG_ANALYZER_NUMBER_OBJECT_CONVERSION = YES_AGGRESSIVE;
				CLANG_CXX_LANGUAGE_STANDARD = "gnu++14";
				CLANG_CXX_LIBRARY = "libc++";
				CLANG_ENABLE_MODULES = YES;
				CLANG_ENABLE_OBJC_ARC = YES;
				CLANG_ENABLE_OBJC_WEAK = YES;
				CLANG_WARN_BLOCK_CAPTURE_AUTORELEASING = YES;
				CLANG_WARN_BOOL_CONVERSION = YES;
				CLANG_WARN_COMMA = YES;
				CLANG_WARN_CONSTANT_CONVERSION = YES;
				CLANG_WARN_DEPRECATED_OBJC_IMPLEMENTATIONS = YES;
				CLANG_WARN_DIRECT_OBJC_ISA_USAGE = YES_ERROR;
				CLANG_WARN_DOCUMENTATION_COMMENTS = YES;
				CLANG_WARN_EMPTY_BODY = YES;
				CLANG_WARN_ENUM_CONVERSION = YES;
				CLANG_WARN_INFINITE_RECURSION = YES;
				CLANG_WARN_INT_CONVERSION = YES;
				CLANG_WARN_NON_LITERAL_NULL_CONVERSION = YES;
				CLANG_WARN_OBJC_IMPLICIT_RETAIN_SELF = YES;
				CLANG_WARN_OBJC_LITERAL_CONVERSION = YES;
				CLANG_WARN_OBJC_ROOT_CLASS = YES_ERROR;
				CLANG_WARN_RANGE_LOOP_ANALYSIS = YES;
				CLANG_WARN_STRICT_PROTOTYPES = YES;
				CLANG_WARN_SUSPICIOUS_MOVE = YES;
				CLANG_WARN_UNGUARDED_AVAILABILITY = YES_AGGRESSIVE;
				CLANG_WARN_UNREACHABLE_CODE = YES;
				CLANG_WARN__DUPLICATE_METHOD_MATCH = YES;
				CODE_SIGN_IDENTITY = "iPhone Developer";
				COPY_PHASE_STRIP = NO;
				DEBUG_INFORMATION_FORMAT = dwarf;
				ENABLE_STRICT_OBJC_MSGSEND = YES;
				ENABLE_TESTABILITY = YES;
				GCC_C_LANGUAGE_STANDARD = gnu11;
				GCC_DYNAMIC_NO_PIC = NO;
				GCC_NO_COMMON_BLOCKS = YES;
				GCC_OPTIMIZATION_LEVEL = 0;
				GCC_PREPROCESSOR_DEFINITIONS = (
					"DEBUG=1",
					"$(inherited)",
				);
				GCC_WARN_64_TO_32_BIT_CONVERSION = YES;
				GCC_WARN_ABOUT_RETURN_TYPE = YES_ERROR;
				GCC_WARN_UNDECLARED_SELECTOR = YES;
				GCC_WARN_UNINITIALIZED_AUTOS = YES_AGGRESSIVE;
				GCC_WARN_UNUSED_FUNCTION = YES;
				GCC_WARN_UNUSED_VARIABLE = YES;
				IPHONEOS_DEPLOYMENT_TARGET = 12.0;
				MTL_ENABLE_DEBUG_INFO = INCLUDE_SOURCE;
				MTL_FAST_MATH = YES;
				ONLY_ACTIVE_ARCH = YES;
				SDKROOT = iphoneos;
				SWIFT_ACTIVE_COMPILATION_CONDITIONS = DEBUG;
				SWIFT_OPTIMIZATION_LEVEL = "-Onone";
			};
			name = Debug;
		};
		52BA1C3622AC036100BD02B4 /* Release */ = {
			isa = XCBuildConfiguration;
			buildSettings = {
				ALWAYS_SEARCH_USER_PATHS = NO;
				CLANG_ANALYZER_NONNULL = YES;
				CLANG_ANALYZER_NUMBER_OBJECT_CONVERSION = YES_AGGRESSIVE;
				CLANG_CXX_LANGUAGE_STANDARD = "gnu++14";
				CLANG_CXX_LIBRARY = "libc++";
				CLANG_ENABLE_MODULES = YES;
				CLANG_ENABLE_OBJC_ARC = YES;
				CLANG_ENABLE_OBJC_WEAK = YES;
				CLANG_WARN_BLOCK_CAPTURE_AUTORELEASING = YES;
				CLANG_WARN_BOOL_CONVERSION = YES;
				CLANG_WARN_COMMA = YES;
				CLANG_WARN_CONSTANT_CONVERSION = YES;
				CLANG_WARN_DEPRECATED_OBJC_IMPLEMENTATIONS = YES;
				CLANG_WARN_DIRECT_OBJC_ISA_USAGE = YES_ERROR;
				CLANG_WARN_DOCUMENTATION_COMMENTS = YES;
				CLANG_WARN_EMPTY_BODY = YES;
				CLANG_WARN_ENUM_CONVERSION = YES;
				CLANG_WARN_INFINITE_RECURSION = YES;
				CLANG_WARN_INT_CONVERSION = YES;
				CLANG_WARN_NON_LITERAL_NULL_CONVERSION = YES;
				CLANG_WARN_OBJC_IMPLICIT_RETAIN_SELF = YES;
				CLANG_WARN_OBJC_LITERAL_CONVERSION = YES;
				CLANG_WARN_OBJC_ROOT_CLASS = YES_ERROR;
				CLANG_WARN_RANGE_LOOP_ANALYSIS = YES;
				CLANG_WARN_STRICT_PROTOTYPES = YES;
				CLANG_WARN_SUSPICIOUS_MOVE = YES;
				CLANG_WARN_UNGUARDED_AVAILABILITY = YES_AGGRESSIVE;
				CLANG_WARN_UNREACHABLE_CODE = YES;
				CLANG_WARN__DUPLICATE_METHOD_MATCH = YES;
				CODE_SIGN_IDENTITY = "iPhone Developer";
				COPY_PHASE_STRIP = NO;
				DEBUG_INFORMATION_FORMAT = "dwarf-with-dsym";
				ENABLE_NS_ASSERTIONS = NO;
				ENABLE_STRICT_OBJC_MSGSEND = YES;
				GCC_C_LANGUAGE_STANDARD = gnu11;
				GCC_NO_COMMON_BLOCKS = YES;
				GCC_WARN_64_TO_32_BIT_CONVERSION = YES;
				GCC_WARN_ABOUT_RETURN_TYPE = YES_ERROR;
				GCC_WARN_UNDECLARED_SELECTOR = YES;
				GCC_WARN_UNINITIALIZED_AUTOS = YES_AGGRESSIVE;
				GCC_WARN_UNUSED_FUNCTION = YES;
				GCC_WARN_UNUSED_VARIABLE = YES;
				IPHONEOS_DEPLOYMENT_TARGET = 12.0;
				MTL_ENABLE_DEBUG_INFO = NO;
				MTL_FAST_MATH = YES;
				SDKROOT = iphoneos;
				SWIFT_COMPILATION_MODE = wholemodule;
				SWIFT_OPTIMIZATION_LEVEL = "-O";
				VALIDATE_PRODUCT = YES;
			};
			name = Release;
		};
		52BA1C3822AC036100BD02B4 /* Debug */ = {
			isa = XCBuildConfiguration;
			baseConfigurationReference = C2FFA48A248A7981A6713B79 /* Pods-TestRxLowVersion.debug.xcconfig */;
			buildSettings = {
				ASSETCATALOG_COMPILER_APPICON_NAME = AppIcon;
				CODE_SIGN_STYLE = Automatic;
				DEVELOPMENT_TEAM = 5W72YMDK56;
				INFOPLIST_FILE = TestRxLowVersion/Info.plist;
				LD_RUNPATH_SEARCH_PATHS = (
					"$(inherited)",
					"@executable_path/Frameworks",
				);
				OTHER_LDFLAGS = (
					"$(inherited)",
					"-framework",
					"\"Alamofire\"",
					"-framework",
					"\"Foundation\"",
					"-framework",
					"\"RxAlamofire\"",
					"-framework",
					"\"RxBlocking\"",
					"-framework",
					"\"RxCocoa\"",
					"-framework",
					"\"RxRelay\"",
					"-framework",
					"\"RxSwift\"",
					"-framework",
					"\"RxTest\"",
					"-framework",
					"\"XCTest\"",
				);
				PRODUCT_BUNDLE_IDENTIFIER = "hyeoktae-com.github.TestRxLowVersion";
				PRODUCT_NAME = "$(TARGET_NAME)";
				SWIFT_VERSION = 5.0;
				TARGETED_DEVICE_FAMILY = "1,2";
			};
			name = Debug;
		};
		52BA1C3922AC036100BD02B4 /* Release */ = {
			isa = XCBuildConfiguration;
			baseConfigurationReference = 502B80C93212C8913F5E9B34 /* Pods-TestRxLowVersion.release.xcconfig */;
			buildSettings = {
				ASSETCATALOG_COMPILER_APPICON_NAME = AppIcon;
				CODE_SIGN_STYLE = Automatic;
				DEVELOPMENT_TEAM = 5W72YMDK56;
				INFOPLIST_FILE = TestRxLowVersion/Info.plist;
				LD_RUNPATH_SEARCH_PATHS = (
					"$(inherited)",
					"@executable_path/Frameworks",
				);
				OTHER_LDFLAGS = (
					"$(inherited)",
					"-framework",
					"\"Alamofire\"",
					"-framework",
					"\"Foundation\"",
					"-framework",
					"\"RxAlamofire\"",
					"-framework",
					"\"RxBlocking\"",
					"-framework",
					"\"RxCocoa\"",
					"-framework",
					"\"RxRelay\"",
					"-framework",
					"\"RxSwift\"",
					"-framework",
					"\"RxTest\"",
					"-framework",
					"\"XCTest\"",
				);
				PRODUCT_BUNDLE_IDENTIFIER = "hyeoktae-com.github.TestRxLowVersion";
				PRODUCT_NAME = "$(TARGET_NAME)";
				SWIFT_VERSION = 5.0;
				TARGETED_DEVICE_FAMILY = "1,2";
			};
			name = Release;
		};
/* End XCBuildConfiguration section */

/* Begin XCConfigurationList section */
		52BA1C2022AC036000BD02B4 /* Build configuration list for PBXProject "TestRxLowVersion" */ = {
			isa = XCConfigurationList;
			buildConfigurations = (
				52BA1C3522AC036100BD02B4 /* Debug */,
				52BA1C3622AC036100BD02B4 /* Release */,
			);
			defaultConfigurationIsVisible = 0;
			defaultConfigurationName = Release;
		};
		52BA1C3722AC036100BD02B4 /* Build configuration list for PBXNativeTarget "TestRxLowVersion" */ = {
			isa = XCConfigurationList;
			buildConfigurations = (
				52BA1C3822AC036100BD02B4 /* Debug */,
				52BA1C3922AC036100BD02B4 /* Release */,
			);
			defaultConfigurationIsVisible = 0;
			defaultConfigurationName = Release;
		};
/* End XCConfigurationList section */
	};
	rootObject = 52BA1C1D22AC036000BD02B4 /* Project object */;
}
