// !$*UTF8*$!
{
	archiveVersion = 1;
	classes = {
	};
	objectVersion = 50;
	objects = {

/* Begin PBXBuildFile section */
		529BBEB0224DF2540008D2FF /* AppDelegate.swift in Sources */ = {isa = PBXBuildFile; fileRef = 529BBEAF224DF2540008D2FF /* AppDelegate.swift */; };
		529BBEB2224DF2540008D2FF /* ViewController.swift in Sources */ = {isa = PBXBuildFile; fileRef = 529BBEB1224DF2540008D2FF /* ViewController.swift */; };
		529BBEB5224DF2540008D2FF /* Main.storyboard in Resources */ = {isa = PBXBuildFile; fileRef = 529BBEB3224DF2540008D2FF /* Main.storyboard */; };
		529BBEB7224DF2550008D2FF /* Assets.xcassets in Resources */ = {isa = PBXBuildFile; fileRef = 529BBEB6224DF2550008D2FF /* Assets.xcassets */; };
		529BBEBA224DF2550008D2FF /* LaunchScreen.storyboard in Resources */ = {isa = PBXBuildFile; fileRef = 529BBEB8224DF2550008D2FF /* LaunchScreen.storyboard */; };
		529BBEC2224DF9AA0008D2FF /* CodeView.swift in Sources */ = {isa = PBXBuildFile; fileRef = 529BBEC1224DF9AA0008D2FF /* CodeView.swift */; };
/* End PBXBuildFile section */

/* Begin PBXFileReference section */
		529BBEAC224DF2540008D2FF /* Exam3.app */ = {isa = PBXFileReference; explicitFileType = wrapper.application; includeInIndex = 0; path = Exam3.app; sourceTree = BUILT_PRODUCTS_DIR; };
		529BBEAF224DF2540008D2FF /* AppDelegate.swift */ = {isa = PBXFileReference; lastKnownFileType = sourcecode.swift; path = AppDelegate.swift; sourceTree = "<group>"; };
		529BBEB1224DF2540008D2FF /* ViewController.swift */ = {isa = PBXFileReference; lastKnownFileType = sourcecode.swift; path = ViewController.swift; sourceTree = "<group>"; };
		529BBEB4224DF2540008D2FF /* Base */ = {isa = PBXFileReference; lastKnownFileType = file.storyboard; name = Base; path = Base.lproj/Main.storyboard; sourceTree = "<group>"; };
		529BBEB6224DF2550008D2FF /* Assets.xcassets */ = {isa = PBXFileReference; lastKnownFileType = folder.assetcatalog; path = Assets.xcassets; sourceTree = "<group>"; };
		529BBEB9224DF2550008D2FF /* Base */ = {isa = PBXFileReference; lastKnownFileType = file.storyboard; name = Base; path = Base.lproj/LaunchScreen.storyboard; sourceTree = "<group>"; };
		529BBEBB224DF2550008D2FF /* Info.plist */ = {isa = PBXFileReference; lastKnownFileType = text.plist.xml; path = Info.plist; sourceTree = "<group>"; };
		529BBEC1224DF9AA0008D2FF /* CodeView.swift */ = {isa = PBXFileReference; lastKnownFileType = sourcecode.swift; path = CodeView.swift; sourceTree = "<group>"; };
/* End PBXFileReference section */

/* Begin PBXFrameworksBuildPhase section */
		529BBEA9224DF2540008D2FF /* Frameworks */ = {
			isa = PBXFrameworksBuildPhase;
			buildActionMask = 2147483647;
			files = (
			);
			runOnlyForDeploymentPostprocessing = 0;
		};
/* End PBXFrameworksBuildPhase section */

/* Begin PBXGroup section */
		529BBEA3224DF2540008D2FF = {
			isa = PBXGroup;
			children = (
				529BBEAE224DF2540008D2FF /* Exam3 */,
				529BBEAD224DF2540008D2FF /* Products */,
			);
			sourceTree = "<group>";
		};
		529BBEAD224DF2540008D2FF /* Products */ = {
			isa = PBXGroup;
			children = (
				529BBEAC224DF2540008D2FF /* Exam3.app */,
			);
			name = Products;
			sourceTree = "<group>";
		};
		529BBEAE224DF2540008D2FF /* Exam3 */ = {
			isa = PBXGroup;
			children = (
				529BBEAF224DF2540008D2FF /* AppDelegate.swift */,
				529BBEB1224DF2540008D2FF /* ViewController.swift */,
				529BBEC1224DF9AA0008D2FF /* CodeView.swift */,
				529BBEB3224DF2540008D2FF /* Main.storyboard */,
				529BBEB6224DF2550008D2FF /* Assets.xcassets */,
				529BBEB8224DF2550008D2FF /* LaunchScreen.storyboard */,
				529BBEBB224DF2550008D2FF /* Info.plist */,
			);
			path = Exam3;
			sourceTree = "<group>";
		};
/* End PBXGroup section */

/* Begin PBXNativeTarget section */
		529BBEAB224DF2540008D2FF /* Exam3 */ = {
			isa = PBXNativeTarget;
			buildConfigurationList = 529BBEBE224DF2550008D2FF /* Build configuration list for PBXNativeTarget "Exam3" */;
			buildPhases = (
				529BBEA8224DF2540008D2FF /* Sources */,
				529BBEA9224DF2540008D2FF /* Frameworks */,
				529BBEAA224DF2540008D2FF /* Resources */,
			);
			buildRules = (
			);
			dependencies = (
			);
			name = Exam3;
			productName = Exam3;
			productReference = 529BBEAC224DF2540008D2FF /* Exam3.app */;
			productType = "com.apple.product-type.application";
		};
/* End PBXNativeTarget section */

/* Begin PBXProject section */
		529BBEA4224DF2540008D2FF /* Project object */ = {
			isa = PBXProject;
			attributes = {
				LastSwiftUpdateCheck = 1020;
				LastUpgradeCheck = 1020;
				ORGANIZATIONNAME = "hyeoktae kwon";
				TargetAttributes = {
					529BBEAB224DF2540008D2FF = {
						CreatedOnToolsVersion = 10.2;
					};
				};
			};
			buildConfigurationList = 529BBEA7224DF2540008D2FF /* Build configuration list for PBXProject "Exam3" */;
			compatibilityVersion = "Xcode 9.3";
			developmentRegion = en;
			hasScannedForEncodings = 0;
			knownRegions = (
				en,
				Base,
			);
			mainGroup = 529BBEA3224DF2540008D2FF;
			productRefGroup = 529BBEAD224DF2540008D2FF /* Products */;
			projectDirPath = "";
			projectRoot = "";
			targets = (
				529BBEAB224DF2540008D2FF /* Exam3 */,
			);
		};
/* End PBXProject section */

/* Begin PBXResourcesBuildPhase section */
		529BBEAA224DF2540008D2FF /* Resources */ = {
			isa = PBXResourcesBuildPhase;
			buildActionMask = 2147483647;
			files = (
				529BBEBA224DF2550008D2FF /* LaunchScreen.storyboard in Resources */,
				529BBEB7224DF2550008D2FF /* Assets.xcassets in Resources */,
				529BBEB5224DF2540008D2FF /* Main.storyboard in Resources */,
			);
			runOnlyForDeploymentPostprocessing = 0;
		};
/* End PBXResourcesBuildPhase section */

/* Begin PBXSourcesBuildPhase section */
		529BBEA8224DF2540008D2FF /* Sources */ = {
			isa = PBXSourcesBuildPhase;
			buildActionMask = 2147483647;
			files = (
				529BBEC2224DF9AA0008D2FF /* CodeView.swift in Sources */,
				529BBEB2224DF2540008D2FF /* ViewController.swift in Sources */,
				529BBEB0224DF2540008D2FF /* AppDelegate.swift in Sources */,
			);
			runOnlyForDeploymentPostprocessing = 0;
		};
/* End PBXSourcesBuildPhase section */

/* Begin PBXVariantGroup section */
		529BBEB3224DF2540008D2FF /* Main.storyboard */ = {
			isa = PBXVariantGroup;
			children = (
				529BBEB4224DF2540008D2FF /* Base */,
			);
			name = Main.storyboard;
			sourceTree = "<group>";
		};
		529BBEB8224DF2550008D2FF /* LaunchScreen.storyboard */ = {
			isa = PBXVariantGroup;
			children = (
				529BBEB9224DF2550008D2FF /* Base */,
			);
			name = LaunchScreen.storyboard;
			sourceTree = "<group>";
		};
/* End PBXVariantGroup section */

/* Begin XCBuildConfiguration section */
		529BBEBC224DF2550008D2FF /* Debug */ = {
			isa = XCBuildConfiguration;
			buildSettings = {
				ALWAYS_SEARCH_USER_PATHS = NO;
				CLANG_ANALYZER_NONNULL = YES;
				CLANG_ANALYZER_NUMBER_OBJECT_CONVERSION = YES_AGGRESSIVE;
				CLANG_CXX_LANGUAGE_STANDARD = "gnu++14";
				CLANG_CXX_LIBRARY = "libc++";
				CLANG_ENABLE_MODULES = YES;
				CLANG_ENABLE_OBJC_ARC = YES;
				CLANG_ENABLE_OBJC_WEAK = YES;
				CLANG_WARN_BLOCK_CAPTURE_AUTORELEASING = YES;
				CLANG_WARN_BOOL_CONVERSION = YES;
				CLANG_WARN_COMMA = YES;
				CLANG_WARN_CONSTANT_CONVERSION = YES;
				CLANG_WARN_DEPRECATED_OBJC_IMPLEMENTATIONS = YES;
				CLANG_WARN_DIRECT_OBJC_ISA_USAGE = YES_ERROR;
				CLANG_WARN_DOCUMENTATION_COMMENTS = YES;
				CLANG_WARN_EMPTY_BODY = YES;
				CLANG_WARN_ENUM_CONVERSION = YES;
				CLANG_WARN_INFINITE_RECURSION = YES;
				CLANG_WARN_INT_CONVERSION = YES;
				CLANG_WARN_NON_LITERAL_NULL_CONVERSION = YES;
				CLANG_WARN_OBJC_IMPLICIT_RETAIN_SELF = YES;
				CLANG_WARN_OBJC_LITERAL_CONVERSION = YES;
				CLANG_WARN_OBJC_ROOT_CLASS = YES_ERROR;
				CLANG_WARN_RANGE_LOOP_ANALYSIS = YES;
				CLANG_WARN_STRICT_PROTOTYPES = YES;
				CLANG_WARN_SUSPICIOUS_MOVE = YES;
				CLANG_WARN_UNGUARDED_AVAILABILITY = YES_AGGRESSIVE;
				CLANG_WARN_UNREACHABLE_CODE = YES;
				CLANG_WARN__DUPLICATE_METHOD_MATCH = YES;
				CODE_SIGN_IDENTITY = "iPhone Developer";
				COPY_PHASE_STRIP = NO;
				DEBUG_INFORMATION_FORMAT = dwarf;
				ENABLE_STRICT_OBJC_MSGSEND = YES;
				ENABLE_TESTABILITY = YES;
				GCC_C_LANGUAGE_STANDARD = gnu11;
				GCC_DYNAMIC_NO_PIC = NO;
				GCC_NO_COMMON_BLOCKS = YES;
				GCC_OPTIMIZATION_LEVEL = 0;
				GCC_PREPROCESSOR_DEFINITIONS = (
					"DEBUG=1",
					"$(inherited)",
				);
				GCC_WARN_64_TO_32_BIT_CONVERSION = YES;
				GCC_WARN_ABOUT_RETURN_TYPE = YES_ERROR;
				GCC_WARN_UNDECLARED_SELECTOR = YES;
				GCC_WARN_UNINITIALIZED_AUTOS = YES_AGGRESSIVE;
				GCC_WARN_UNUSED_FUNCTION = YES;
				GCC_WARN_UNUSED_VARIABLE = YES;
				IPHONEOS_DEPLOYMENT_TARGET = 12.2;
				MTL_ENABLE_DEBUG_INFO = INCLUDE_SOURCE;
				MTL_FAST_MATH = YES;
				ONLY_ACTIVE_ARCH = YES;
				SDKROOT = iphoneos;
				SWIFT_ACTIVE_COMPILATION_CONDITIONS = DEBUG;
				SWIFT_OPTIMIZATION_LEVEL = "-Onone";
			};
			name = Debug;
		};
		529BBEBD224DF2550008D2FF /* Release */ = {
			isa = XCBuildConfiguration;
			buildSettings = {
				ALWAYS_SEARCH_USER_PATHS = NO;
				CLANG_ANALYZER_NONNULL = YES;
				CLANG_ANALYZER_NUMBER_OBJECT_CONVERSION = YES_AGGRESSIVE;
				CLANG_CXX_LANGUAGE_STANDARD = "gnu++14";
				CLANG_CXX_LIBRARY = "libc++";
				CLANG_ENABLE_MODULES = YES;
				CLANG_ENABLE_OBJC_ARC = YES;
				CLANG_ENABLE_OBJC_WEAK = YES;
				CLANG_WARN_BLOCK_CAPTURE_AUTORELEASING = YES;
				CLANG_WARN_BOOL_CONVERSION = YES;
				CLANG_WARN_COMMA = YES;
				CLANG_WARN_CONSTANT_CONVERSION = YES;
				CLANG_WARN_DEPRECATED_OBJC_IMPLEMENTATIONS = YES;
				CLANG_WARN_DIRECT_OBJC_ISA_USAGE = YES_ERROR;
				CLANG_WARN_DOCUMENTATION_COMMENTS = YES;
				CLANG_WARN_EMPTY_BODY = YES;
				CLANG_WARN_ENUM_CONVERSION = YES;
				CLANG_WARN_INFINITE_RECURSION = YES;
				CLANG_WARN_INT_CONVERSION = YES;
				CLANG_WARN_NON_LITERAL_NULL_CONVERSION = YES;
				CLANG_WARN_OBJC_IMPLICIT_RETAIN_SELF = YES;
				CLANG_WARN_OBJC_LITERAL_CONVERSION = YES;
				CLANG_WARN_OBJC_ROOT_CLASS = YES_ERROR;
				CLANG_WARN_RANGE_LOOP_ANALYSIS = YES;
				CLANG_WARN_STRICT_PROTOTYPES = YES;
				CLANG_WARN_SUSPICIOUS_MOVE = YES;
				CLANG_WARN_UNGUARDED_AVAILABILITY = YES_AGGRESSIVE;
				CLANG_WARN_UNREACHABLE_CODE = YES;
				CLANG_WARN__DUPLICATE_METHOD_MATCH = YES;
				CODE_SIGN_IDENTITY = "iPhone Developer";
				COPY_PHASE_STRIP = NO;
				DEBUG_INFORMATION_FORMAT = "dwarf-with-dsym";
				ENABLE_NS_ASSERTIONS = NO;
				ENABLE_STRICT_OBJC_MSGSEND = YES;
				GCC_C_LANGUAGE_STANDARD = gnu11;
				GCC_NO_COMMON_BLOCKS = YES;
				GCC_WARN_64_TO_32_BIT_CONVERSION = YES;
				GCC_WARN_ABOUT_RETURN_TYPE = YES_ERROR;
				GCC_WARN_UNDECLARED_SELECTOR = YES;
				GCC_WARN_UNINITIALIZED_AUTOS = YES_AGGRESSIVE;
				GCC_WARN_UNUSED_FUNCTION = YES;
				GCC_WARN_UNUSED_VARIABLE = YES;
				IPHONEOS_DEPLOYMENT_TARGET = 12.2;
				MTL_ENABLE_DEBUG_INFO = NO;
				MTL_FAST_MATH = YES;
				SDKROOT = iphoneos;
				SWIFT_COMPILATION_MODE = wholemodule;
				SWIFT_OPTIMIZATION_LEVEL = "-O";
				VALIDATE_PRODUCT = YES;
			};
			name = Release;
		};
		529BBEBF224DF2550008D2FF /* Debug */ = {
			isa = XCBuildConfiguration;
			buildSettings = {
				ASSETCATALOG_COMPILER_APPICON_NAME = AppIcon;
				CODE_SIGN_STYLE = Automatic;
				INFOPLIST_FILE = Exam3/Info.plist;
				LD_RUNPATH_SEARCH_PATHS = (
					"$(inherited)",
					"@executable_path/Frameworks",
				);
				PRODUCT_BUNDLE_IDENTIFIER = "hyeoktae-com.github.Exam3";
				PRODUCT_NAME = "$(TARGET_NAME)";
				SWIFT_VERSION = 5.0;
				TARGETED_DEVICE_FAMILY = "1,2";
			};
			name = Debug;
		};
		529BBEC0224DF2550008D2FF /* Release */ = {
			isa = XCBuildConfiguration;
			buildSettings = {
				ASSETCATALOG_COMPILER_APPICON_NAME = AppIcon;
				CODE_SIGN_STYLE = Automatic;
				INFOPLIST_FILE = Exam3/Info.plist;
				LD_RUNPATH_SEARCH_PATHS = (
					"$(inherited)",
					"@executable_path/Frameworks",
				);
				PRODUCT_BUNDLE_IDENTIFIER = "hyeoktae-com.github.Exam3";
				PRODUCT_NAME = "$(TARGET_NAME)";
				SWIFT_VERSION = 5.0;
				TARGETED_DEVICE_FAMILY = "1,2";
			};
			name = Release;
		};
/* End XCBuildConfiguration section */

/* Begin XCConfigurationList section */
		529BBEA7224DF2540008D2FF /* Build configuration list for PBXProject "Exam3" */ = {
			isa = XCConfigurationList;
			buildConfigurations = (
				529BBEBC224DF2550008D2FF /* Debug */,
				529BBEBD224DF2550008D2FF /* Release */,
			);
			defaultConfigurationIsVisible = 0;
			defaultConfigurationName = Release;
		};
		529BBEBE224DF2550008D2FF /* Build configuration list for PBXNativeTarget "Exam3" */ = {
			isa = XCConfigurationList;
			buildConfigurations = (
				529BBEBF224DF2550008D2FF /* Debug */,
				529BBEC0224DF2550008D2FF /* Release */,
			);
			defaultConfigurationIsVisible = 0;
			defaultConfigurationName = Release;
		};
/* End XCConfigurationList section */
	};
	rootObject = 529BBEA4224DF2540008D2FF /* Project object */;
}
