// !$*UTF8*$!
{
	archiveVersion = 1;
	classes = {
	};
	objectVersion = 50;
	objects = {

/* Begin PBXBuildFile section */
		521E9851229938AE007F8003 /* AppDelegate.swift in Sources */ = {isa = PBXBuildFile; fileRef = 521E9850229938AE007F8003 /* AppDelegate.swift */; };
		521E9853229938AE007F8003 /* ViewController.swift in Sources */ = {isa = PBXBuildFile; fileRef = 521E9852229938AE007F8003 /* ViewController.swift */; };
		521E9856229938AE007F8003 /* Main.storyboard in Resources */ = {isa = PBXBuildFile; fileRef = 521E9854229938AE007F8003 /* Main.storyboard */; };
		521E9858229938AF007F8003 /* Assets.xcassets in Resources */ = {isa = PBXBuildFile; fileRef = 521E9857229938AF007F8003 /* Assets.xcassets */; };
		521E985B229938AF007F8003 /* LaunchScreen.storyboard in Resources */ = {isa = PBXBuildFile; fileRef = 521E9859229938AF007F8003 /* LaunchScreen.storyboard */; };
		521E986322993B98007F8003 /* Test.swift in Sources */ = {isa = PBXBuildFile; fileRef = 521E986222993B98007F8003 /* Test.swift */; };
		8D97C2C103ADC752BF1BDDA1 /* Pods_TestReactiveX.framework in Frameworks */ = {isa = PBXBuildFile; fileRef = 01B473C9F1E96B2CB6B34885 /* Pods_TestReactiveX.framework */; };
/* End PBXBuildFile section */

/* Begin PBXFileReference section */
		01B473C9F1E96B2CB6B34885 /* Pods_TestReactiveX.framework */ = {isa = PBXFileReference; explicitFileType = wrapper.framework; includeInIndex = 0; path = Pods_TestReactiveX.framework; sourceTree = BUILT_PRODUCTS_DIR; };
		521E984D229938AE007F8003 /* TestReactiveX.app */ = {isa = PBXFileReference; explicitFileType = wrapper.application; includeInIndex = 0; path = TestReactiveX.app; sourceTree = BUILT_PRODUCTS_DIR; };
		521E9850229938AE007F8003 /* AppDelegate.swift */ = {isa = PBXFileReference; lastKnownFileType = sourcecode.swift; path = AppDelegate.swift; sourceTree = "<group>"; };
		521E9852229938AE007F8003 /* ViewController.swift */ = {isa = PBXFileReference; lastKnownFileType = sourcecode.swift; path = ViewController.swift; sourceTree = "<group>"; };
		521E9855229938AE007F8003 /* Base */ = {isa = PBXFileReference; lastKnownFileType = file.storyboard; name = Base; path = Base.lproj/Main.storyboard; sourceTree = "<group>"; };
		521E9857229938AF007F8003 /* Assets.xcassets */ = {isa = PBXFileReference; lastKnownFileType = folder.assetcatalog; path = Assets.xcassets; sourceTree = "<group>"; };
		521E985A229938AF007F8003 /* Base */ = {isa = PBXFileReference; lastKnownFileType = file.storyboard; name = Base; path = Base.lproj/LaunchScreen.storyboard; sourceTree = "<group>"; };
		521E985C229938AF007F8003 /* Info.plist */ = {isa = PBXFileReference; lastKnownFileType = text.plist.xml; path = Info.plist; sourceTree = "<group>"; };
		521E986222993B98007F8003 /* Test.swift */ = {isa = PBXFileReference; lastKnownFileType = sourcecode.swift; path = Test.swift; sourceTree = "<group>"; };
		70FDA3DFE925B6524BEF59E3 /* Pods-TestReactiveX.release.xcconfig */ = {isa = PBXFileReference; includeInIndex = 1; lastKnownFileType = text.xcconfig; name = "Pods-TestReactiveX.release.xcconfig"; path = "Target Support Files/Pods-TestReactiveX/Pods-TestReactiveX.release.xcconfig"; sourceTree = "<group>"; };
		96AA080F945133077182976A /* Pods-TestReactiveX.debug.xcconfig */ = {isa = PBXFileReference; includeInIndex = 1; lastKnownFileType = text.xcconfig; name = "Pods-TestReactiveX.debug.xcconfig"; path = "Target Support Files/Pods-TestReactiveX/Pods-TestReactiveX.debug.xcconfig"; sourceTree = "<group>"; };
/* End PBXFileReference section */

/* Begin PBXFrameworksBuildPhase section */
		521E984A229938AE007F8003 /* Frameworks */ = {
			isa = PBXFrameworksBuildPhase;
			buildActionMask = 2147483647;
			files = (
				8D97C2C103ADC752BF1BDDA1 /* Pods_TestReactiveX.framework in Frameworks */,
			);
			runOnlyForDeploymentPostprocessing = 0;
		};
/* End PBXFrameworksBuildPhase section */

/* Begin PBXGroup section */
		521E9844229938AE007F8003 = {
			isa = PBXGroup;
			children = (
				521E984F229938AE007F8003 /* TestReactiveX */,
				521E984E229938AE007F8003 /* Products */,
				7C8CFDCF6AF74EA7502D189B /* Pods */,
				7375134614F315D898F3628A /* Frameworks */,
			);
			sourceTree = "<group>";
		};
		521E984E229938AE007F8003 /* Products */ = {
			isa = PBXGroup;
			children = (
				521E984D229938AE007F8003 /* TestReactiveX.app */,
			);
			name = Products;
			sourceTree = "<group>";
		};
		521E984F229938AE007F8003 /* TestReactiveX */ = {
			isa = PBXGroup;
			children = (
				521E9850229938AE007F8003 /* AppDelegate.swift */,
				521E9852229938AE007F8003 /* ViewController.swift */,
				521E986222993B98007F8003 /* Test.swift */,
				521E9854229938AE007F8003 /* Main.storyboard */,
				521E9857229938AF007F8003 /* Assets.xcassets */,
				521E9859229938AF007F8003 /* LaunchScreen.storyboard */,
				521E985C229938AF007F8003 /* Info.plist */,
			);
			path = TestReactiveX;
			sourceTree = "<group>";
		};
		7375134614F315D898F3628A /* Frameworks */ = {
			isa = PBXGroup;
			children = (
				01B473C9F1E96B2CB6B34885 /* Pods_TestReactiveX.framework */,
			);
			name = Frameworks;
			sourceTree = "<group>";
		};
		7C8CFDCF6AF74EA7502D189B /* Pods */ = {
			isa = PBXGroup;
			children = (
				96AA080F945133077182976A /* Pods-TestReactiveX.debug.xcconfig */,
				70FDA3DFE925B6524BEF59E3 /* Pods-TestReactiveX.release.xcconfig */,
			);
			path = Pods;
			sourceTree = "<group>";
		};
/* End PBXGroup section */

/* Begin PBXNativeTarget section */
		521E984C229938AE007F8003 /* TestReactiveX */ = {
			isa = PBXNativeTarget;
			buildConfigurationList = 521E985F229938AF007F8003 /* Build configuration list for PBXNativeTarget "TestReactiveX" */;
			buildPhases = (
				12CA72A1F50E31F2E1FE8538 /* [CP] Check Pods Manifest.lock */,
				521E9849229938AE007F8003 /* Sources */,
				521E984A229938AE007F8003 /* Frameworks */,
				521E984B229938AE007F8003 /* Resources */,
				AB00515B0B6FFB48D6F4C739 /* [CP] Embed Pods Frameworks */,
			);
			buildRules = (
			);
			dependencies = (
			);
			name = TestReactiveX;
			productName = TestReactiveX;
			productReference = 521E984D229938AE007F8003 /* TestReactiveX.app */;
			productType = "com.apple.product-type.application";
		};
/* End PBXNativeTarget section */

/* Begin PBXProject section */
		521E9845229938AE007F8003 /* Project object */ = {
			isa = PBXProject;
			attributes = {
				LastSwiftUpdateCheck = 1020;
				LastUpgradeCheck = 1020;
				ORGANIZATIONNAME = "hyeoktae kwon";
				TargetAttributes = {
					521E984C229938AE007F8003 = {
						CreatedOnToolsVersion = 10.2.1;
					};
				};
			};
			buildConfigurationList = 521E9848229938AE007F8003 /* Build configuration list for PBXProject "TestReactiveX" */;
			compatibilityVersion = "Xcode 9.3";
			developmentRegion = en;
			hasScannedForEncodings = 0;
			knownRegions = (
				en,
				Base,
			);
			mainGroup = 521E9844229938AE007F8003;
			productRefGroup = 521E984E229938AE007F8003 /* Products */;
			projectDirPath = "";
			projectRoot = "";
			targets = (
				521E984C229938AE007F8003 /* TestReactiveX */,
			);
		};
/* End PBXProject section */

/* Begin PBXResourcesBuildPhase section */
		521E984B229938AE007F8003 /* Resources */ = {
			isa = PBXResourcesBuildPhase;
			buildActionMask = 2147483647;
			files = (
				521E985B229938AF007F8003 /* LaunchScreen.storyboard in Resources */,
				521E9858229938AF007F8003 /* Assets.xcassets in Resources */,
				521E9856229938AE007F8003 /* Main.storyboard in Resources */,
			);
			runOnlyForDeploymentPostprocessing = 0;
		};
/* End PBXResourcesBuildPhase section */

/* Begin PBXShellScriptBuildPhase section */
		12CA72A1F50E31F2E1FE8538 /* [CP] Check Pods Manifest.lock */ = {
			isa = PBXShellScriptBuildPhase;
			buildActionMask = 2147483647;
			files = (
			);
			inputFileListPaths = (
			);
			inputPaths = (
				"${PODS_PODFILE_DIR_PATH}/Podfile.lock",
				"${PODS_ROOT}/Manifest.lock",
			);
			name = "[CP] Check Pods Manifest.lock";
			outputFileListPaths = (
			);
			outputPaths = (
				"$(DERIVED_FILE_DIR)/Pods-TestReactiveX-checkManifestLockResult.txt",
			);
			runOnlyForDeploymentPostprocessing = 0;
			shellPath = /bin/sh;
			shellScript = "diff \"${PODS_PODFILE_DIR_PATH}/Podfile.lock\" \"${PODS_ROOT}/Manifest.lock\" > /dev/null\nif [ $? != 0 ] ; then\n    # print error to STDERR\n    echo \"error: The sandbox is not in sync with the Podfile.lock. Run 'pod install' or update your CocoaPods installation.\" >&2\n    exit 1\nfi\n# This output is used by Xcode 'outputs' to avoid re-running this script phase.\necho \"SUCCESS\" > \"${SCRIPT_OUTPUT_FILE_0}\"\n";
			showEnvVarsInLog = 0;
		};
		AB00515B0B6FFB48D6F4C739 /* [CP] Embed Pods Frameworks */ = {
			isa = PBXShellScriptBuildPhase;
			buildActionMask = 2147483647;
			files = (
			);
			inputFileListPaths = (
			);
			inputPaths = (
				"${PODS_ROOT}/Target Support Files/Pods-TestReactiveX/Pods-TestReactiveX-frameworks.sh",
				"${BUILT_PRODUCTS_DIR}/RxCocoa/RxCocoa.framework",
				"${BUILT_PRODUCTS_DIR}/RxRelay/RxRelay.framework",
				"${BUILT_PRODUCTS_DIR}/RxSwift/RxSwift.framework",
			);
			name = "[CP] Embed Pods Frameworks";
			outputFileListPaths = (
			);
			outputPaths = (
				"${TARGET_BUILD_DIR}/${FRAMEWORKS_FOLDER_PATH}/RxCocoa.framework",
				"${TARGET_BUILD_DIR}/${FRAMEWORKS_FOLDER_PATH}/RxRelay.framework",
				"${TARGET_BUILD_DIR}/${FRAMEWORKS_FOLDER_PATH}/RxSwift.framework",
			);
			runOnlyForDeploymentPostprocessing = 0;
			shellPath = /bin/sh;
			shellScript = "\"${PODS_ROOT}/Target Support Files/Pods-TestReactiveX/Pods-TestReactiveX-frameworks.sh\"\n";
			showEnvVarsInLog = 0;
		};
/* End PBXShellScriptBuildPhase section */

/* Begin PBXSourcesBuildPhase section */
		521E9849229938AE007F8003 /* Sources */ = {
			isa = PBXSourcesBuildPhase;
			buildActionMask = 2147483647;
			files = (
				521E9853229938AE007F8003 /* ViewController.swift in Sources */,
				521E9851229938AE007F8003 /* AppDelegate.swift in Sources */,
				521E986322993B98007F8003 /* Test.swift in Sources */,
			);
			runOnlyForDeploymentPostprocessing = 0;
		};
/* End PBXSourcesBuildPhase section */

/* Begin PBXVariantGroup section */
		521E9854229938AE007F8003 /* Main.storyboard */ = {
			isa = PBXVariantGroup;
			children = (
				521E9855229938AE007F8003 /* Base */,
			);
			name = Main.storyboard;
			sourceTree = "<group>";
		};
		521E9859229938AF007F8003 /* LaunchScreen.storyboard */ = {
			isa = PBXVariantGroup;
			children = (
				521E985A229938AF007F8003 /* Base */,
			);
			name = LaunchScreen.storyboard;
			sourceTree = "<group>";
		};
/* End PBXVariantGroup section */

/* Begin XCBuildConfiguration section */
		521E985D229938AF007F8003 /* Debug */ = {
			isa = XCBuildConfiguration;
			buildSettings = {
				ALWAYS_SEARCH_USER_PATHS = NO;
				CLANG_ANALYZER_NONNULL = YES;
				CLANG_ANALYZER_NUMBER_OBJECT_CONVERSION = YES_AGGRESSIVE;
				CLANG_CXX_LANGUAGE_STANDARD = "gnu++14";
				CLANG_CXX_LIBRARY = "libc++";
				CLANG_ENABLE_MODULES = YES;
				CLANG_ENABLE_OBJC_ARC = YES;
				CLANG_ENABLE_OBJC_WEAK = YES;
				CLANG_WARN_BLOCK_CAPTURE_AUTORELEASING = YES;
				CLANG_WARN_BOOL_CONVERSION = YES;
				CLANG_WARN_COMMA = YES;
				CLANG_WARN_CONSTANT_CONVERSION = YES;
				CLANG_WARN_DEPRECATED_OBJC_IMPLEMENTATIONS = YES;
				CLANG_WARN_DIRECT_OBJC_ISA_USAGE = YES_ERROR;
				CLANG_WARN_DOCUMENTATION_COMMENTS = YES;
				CLANG_WARN_EMPTY_BODY = YES;
				CLANG_WARN_ENUM_CONVERSION = YES;
				CLANG_WARN_INFINITE_RECURSION = YES;
				CLANG_WARN_INT_CONVERSION = YES;
				CLANG_WARN_NON_LITERAL_NULL_CONVERSION = YES;
				CLANG_WARN_OBJC_IMPLICIT_RETAIN_SELF = YES;
				CLANG_WARN_OBJC_LITERAL_CONVERSION = YES;
				CLANG_WARN_OBJC_ROOT_CLASS = YES_ERROR;
				CLANG_WARN_RANGE_LOOP_ANALYSIS = YES;
				CLANG_WARN_STRICT_PROTOTYPES = YES;
				CLANG_WARN_SUSPICIOUS_MOVE = YES;
				CLANG_WARN_UNGUARDED_AVAILABILITY = YES_AGGRESSIVE;
				CLANG_WARN_UNREACHABLE_CODE = YES;
				CLANG_WARN__DUPLICATE_METHOD_MATCH = YES;
				CODE_SIGN_IDENTITY = "iPhone Developer";
				COPY_PHASE_STRIP = NO;
				DEBUG_INFORMATION_FORMAT = dwarf;
				ENABLE_STRICT_OBJC_MSGSEND = YES;
				ENABLE_TESTABILITY = YES;
				GCC_C_LANGUAGE_STANDARD = gnu11;
				GCC_DYNAMIC_NO_PIC = NO;
				GCC_NO_COMMON_BLOCKS = YES;
				GCC_OPTIMIZATION_LEVEL = 0;
				GCC_PREPROCESSOR_DEFINITIONS = (
					"DEBUG=1",
					"$(inherited)",
				);
				GCC_WARN_64_TO_32_BIT_CONVERSION = YES;
				GCC_WARN_ABOUT_RETURN_TYPE = YES_ERROR;
				GCC_WARN_UNDECLARED_SELECTOR = YES;
				GCC_WARN_UNINITIALIZED_AUTOS = YES_AGGRESSIVE;
				GCC_WARN_UNUSED_FUNCTION = YES;
				GCC_WARN_UNUSED_VARIABLE = YES;
				IPHONEOS_DEPLOYMENT_TARGET = 12.2;
				MTL_ENABLE_DEBUG_INFO = INCLUDE_SOURCE;
				MTL_FAST_MATH = YES;
				ONLY_ACTIVE_ARCH = YES;
				SDKROOT = iphoneos;
				SWIFT_ACTIVE_COMPILATION_CONDITIONS = DEBUG;
				SWIFT_OPTIMIZATION_LEVEL = "-Onone";
			};
			name = Debug;
		};
		521E985E229938AF007F8003 /* Release */ = {
			isa = XCBuildConfiguration;
			buildSettings = {
				ALWAYS_SEARCH_USER_PATHS = NO;
				CLANG_ANALYZER_NONNULL = YES;
				CLANG_ANALYZER_NUMBER_OBJECT_CONVERSION = YES_AGGRESSIVE;
				CLANG_CXX_LANGUAGE_STANDARD = "gnu++14";
				CLANG_CXX_LIBRARY = "libc++";
				CLANG_ENABLE_MODULES = YES;
				CLANG_ENABLE_OBJC_ARC = YES;
				CLANG_ENABLE_OBJC_WEAK = YES;
				CLANG_WARN_BLOCK_CAPTURE_AUTORELEASING = YES;
				CLANG_WARN_BOOL_CONVERSION = YES;
				CLANG_WARN_COMMA = YES;
				CLANG_WARN_CONSTANT_CONVERSION = YES;
				CLANG_WARN_DEPRECATED_OBJC_IMPLEMENTATIONS = YES;
				CLANG_WARN_DIRECT_OBJC_ISA_USAGE = YES_ERROR;
				CLANG_WARN_DOCUMENTATION_COMMENTS = YES;
				CLANG_WARN_EMPTY_BODY = YES;
				CLANG_WARN_ENUM_CONVERSION = YES;
				CLANG_WARN_INFINITE_RECURSION = YES;
				CLANG_WARN_INT_CONVERSION = YES;
				CLANG_WARN_NON_LITERAL_NULL_CONVERSION = YES;
				CLANG_WARN_OBJC_IMPLICIT_RETAIN_SELF = YES;
				CLANG_WARN_OBJC_LITERAL_CONVERSION = YES;
				CLANG_WARN_OBJC_ROOT_CLASS = YES_ERROR;
				CLANG_WARN_RANGE_LOOP_ANALYSIS = YES;
				CLANG_WARN_STRICT_PROTOTYPES = YES;
				CLANG_WARN_SUSPICIOUS_MOVE = YES;
				CLANG_WARN_UNGUARDED_AVAILABILITY = YES_AGGRESSIVE;
				CLANG_WARN_UNREACHABLE_CODE = YES;
				CLANG_WARN__DUPLICATE_METHOD_MATCH = YES;
				CODE_SIGN_IDENTITY = "iPhone Developer";
				COPY_PHASE_STRIP = NO;
				DEBUG_INFORMATION_FORMAT = "dwarf-with-dsym";
				ENABLE_NS_ASSERTIONS = NO;
				ENABLE_STRICT_OBJC_MSGSEND = YES;
				GCC_C_LANGUAGE_STANDARD = gnu11;
				GCC_NO_COMMON_BLOCKS = YES;
				GCC_WARN_64_TO_32_BIT_CONVERSION = YES;
				GCC_WARN_ABOUT_RETURN_TYPE = YES_ERROR;
				GCC_WARN_UNDECLARED_SELECTOR = YES;
				GCC_WARN_UNINITIALIZED_AUTOS = YES_AGGRESSIVE;
				GCC_WARN_UNUSED_FUNCTION = YES;
				GCC_WARN_UNUSED_VARIABLE = YES;
				IPHONEOS_DEPLOYMENT_TARGET = 12.2;
				MTL_ENABLE_DEBUG_INFO = NO;
				MTL_FAST_MATH = YES;
				SDKROOT = iphoneos;
				SWIFT_COMPILATION_MODE = wholemodule;
				SWIFT_OPTIMIZATION_LEVEL = "-O";
				VALIDATE_PRODUCT = YES;
			};
			name = Release;
		};
		521E9860229938AF007F8003 /* Debug */ = {
			isa = XCBuildConfiguration;
			baseConfigurationReference = 96AA080F945133077182976A /* Pods-TestReactiveX.debug.xcconfig */;
			buildSettings = {
				ASSETCATALOG_COMPILER_APPICON_NAME = AppIcon;
				CODE_SIGN_STYLE = Automatic;
				DEVELOPMENT_TEAM = 5W72YMDK56;
				INFOPLIST_FILE = TestReactiveX/Info.plist;
				LD_RUNPATH_SEARCH_PATHS = (
					"$(inherited)",
					"@executable_path/Frameworks",
				);
				PRODUCT_BUNDLE_IDENTIFIER = "hyeoktae-com.github.TestReactiveX";
				PRODUCT_NAME = "$(TARGET_NAME)";
				SWIFT_VERSION = 5.0;
				TARGETED_DEVICE_FAMILY = "1,2";
			};
			name = Debug;
		};
		521E9861229938AF007F8003 /* Release */ = {
			isa = XCBuildConfiguration;
			baseConfigurationReference = 70FDA3DFE925B6524BEF59E3 /* Pods-TestReactiveX.release.xcconfig */;
			buildSettings = {
				ASSETCATALOG_COMPILER_APPICON_NAME = AppIcon;
				CODE_SIGN_STYLE = Automatic;
				DEVELOPMENT_TEAM = 5W72YMDK56;
				INFOPLIST_FILE = TestReactiveX/Info.plist;
				LD_RUNPATH_SEARCH_PATHS = (
					"$(inherited)",
					"@executable_path/Frameworks",
				);
				PRODUCT_BUNDLE_IDENTIFIER = "hyeoktae-com.github.TestReactiveX";
				PRODUCT_NAME = "$(TARGET_NAME)";
				SWIFT_VERSION = 5.0;
				TARGETED_DEVICE_FAMILY = "1,2";
			};
			name = Release;
		};
/* End XCBuildConfiguration section */

/* Begin XCConfigurationList section */
		521E9848229938AE007F8003 /* Build configuration list for PBXProject "TestReactiveX" */ = {
			isa = XCConfigurationList;
			buildConfigurations = (
				521E985D229938AF007F8003 /* Debug */,
				521E985E229938AF007F8003 /* Release */,
			);
			defaultConfigurationIsVisible = 0;
			defaultConfigurationName = Release;
		};
		521E985F229938AF007F8003 /* Build configuration list for PBXNativeTarget "TestReactiveX" */ = {
			isa = XCConfigurationList;
			buildConfigurations = (
				521E9860229938AF007F8003 /* Debug */,
				521E9861229938AF007F8003 /* Release */,
			);
			defaultConfigurationIsVisible = 0;
			defaultConfigurationName = Release;
		};
/* End XCConfigurationList section */
	};
	rootObject = 521E9845229938AE007F8003 /* Project object */;
}
